// !$*UTF8*$!
{
	archiveVersion = 1;
	classes = {
	};
	objectVersion = 55;
	objects = {

/* Begin PBXBuildFile section */
		4CCA2069F45C224F19F3292A /* Pods_Smash_Bros_Ultimate_Koombea.framework in Frameworks */ = {isa = PBXBuildFile; fileRef = 4E6CB1EF76DEB18C403ADF22 /* Pods_Smash_Bros_Ultimate_Koombea.framework */; };
		7207621227970EA4000E56AF /* AppDelegate.swift in Sources */ = {isa = PBXBuildFile; fileRef = 7207621127970EA4000E56AF /* AppDelegate.swift */; };
		7207621C27970EA4000E56AF /* Smash_Bros_Ultimate_Koombea.xcdatamodeld in Sources */ = {isa = PBXBuildFile; fileRef = 7207621A27970EA4000E56AF /* Smash_Bros_Ultimate_Koombea.xcdatamodeld */; };
		7207621E27970EA4000E56AF /* Assets.xcassets in Resources */ = {isa = PBXBuildFile; fileRef = 7207621D27970EA4000E56AF /* Assets.xcassets */; };
		7207622127970EA5000E56AF /* LaunchScreen.storyboard in Resources */ = {isa = PBXBuildFile; fileRef = 7207621F27970EA5000E56AF /* LaunchScreen.storyboard */; };
		7207622C27970EA5000E56AF /* Smash_Bros_Ultimate_KoombeaTests.swift in Sources */ = {isa = PBXBuildFile; fileRef = 7207622B27970EA5000E56AF /* Smash_Bros_Ultimate_KoombeaTests.swift */; };
		7207623627970EA5000E56AF /* Smash_Bros_Ultimate_KoombeaUITests.swift in Sources */ = {isa = PBXBuildFile; fileRef = 7207623527970EA5000E56AF /* Smash_Bros_Ultimate_KoombeaUITests.swift */; };
		7207623827970EA5000E56AF /* Smash_Bros_Ultimate_KoombeaUITestsLaunchTests.swift in Sources */ = {isa = PBXBuildFile; fileRef = 7207623727970EA5000E56AF /* Smash_Bros_Ultimate_KoombeaUITestsLaunchTests.swift */; };
		720762482797167A000E56AF /* OnboardingView.swift in Sources */ = {isa = PBXBuildFile; fileRef = 720762442797167A000E56AF /* OnboardingView.swift */; };
		720762492797167A000E56AF /* OnboardingViewModel.swift in Sources */ = {isa = PBXBuildFile; fileRef = 720762452797167A000E56AF /* OnboardingViewModel.swift */; };
		7207624A2797167A000E56AF /* Onboarding.swift in Sources */ = {isa = PBXBuildFile; fileRef = 720762462797167A000E56AF /* Onboarding.swift */; };
		7207626C27971995000E56AF /* HomeViewModel.swift in Sources */ = {isa = PBXBuildFile; fileRef = 7207626827971995000E56AF /* HomeViewModel.swift */; };
		72076271279719FF000E56AF /* Home.storyboard in Resources */ = {isa = PBXBuildFile; fileRef = 72076270279719FF000E56AF /* Home.storyboard */; };
		7207627D27972D82000E56AF /* Onboarding.storyboard in Resources */ = {isa = PBXBuildFile; fileRef = 7207627C27972D82000E56AF /* Onboarding.storyboard */; };
		7207628027975390000E56AF /* UIView.swift in Sources */ = {isa = PBXBuildFile; fileRef = 7207627F27975390000E56AF /* UIView.swift */; };
		72076283279770D7000E56AF /* OnboardingCollectionViewCell.swift in Sources */ = {isa = PBXBuildFile; fileRef = 72076282279770D7000E56AF /* OnboardingCollectionViewCell.swift */; };
		723A95A62797C241007163F3 /* HomeViewController.swift in Sources */ = {isa = PBXBuildFile; fileRef = 723A95A52797C241007163F3 /* HomeViewController.swift */; };
		724EA5682799DFA4001AEC6E /* FighterDetail.storyboard in Resources */ = {isa = PBXBuildFile; fileRef = 724EA5672799DFA4001AEC6E /* FighterDetail.storyboard */; };
		724EA56A2799DFCA001AEC6E /* FighterDetailViewController.swift in Sources */ = {isa = PBXBuildFile; fileRef = 724EA5692799DFCA001AEC6E /* FighterDetailViewController.swift */; };
		724EA56C2799EE14001AEC6E /* FighterDetail.swift in Sources */ = {isa = PBXBuildFile; fileRef = 724EA56B2799EE14001AEC6E /* FighterDetail.swift */; };
		72623B8E279A05F200F34514 /* UniverseService.swift in Sources */ = {isa = PBXBuildFile; fileRef = 72623B8D279A05F200F34514 /* UniverseService.swift */; };
		72BDED1A2798BB3B005EB010 /* Endpoint.swift in Sources */ = {isa = PBXBuildFile; fileRef = 72BDED192798BB3B005EB010 /* Endpoint.swift */; };
		72BDED1C2798BBBA005EB010 /* FighterEndpoint.swift in Sources */ = {isa = PBXBuildFile; fileRef = 72BDED1B2798BBBA005EB010 /* FighterEndpoint.swift */; };
		72BDED1E2798BF07005EB010 /* FighterResponse.swift in Sources */ = {isa = PBXBuildFile; fileRef = 72BDED1D2798BF07005EB010 /* FighterResponse.swift */; };
		72BDED202798BF11005EB010 /* FighterRequest.swift in Sources */ = {isa = PBXBuildFile; fileRef = 72BDED1F2798BF11005EB010 /* FighterRequest.swift */; };
		72BDED242798BFB9005EB010 /* UniverseResponse.swift in Sources */ = {isa = PBXBuildFile; fileRef = 72BDED232798BFB9005EB010 /* UniverseResponse.swift */; };
		72BDED272798C058005EB010 /* MyNetworking.swift in Sources */ = {isa = PBXBuildFile; fileRef = 72BDED262798C058005EB010 /* MyNetworking.swift */; };
		72BDED2B2798D04E005EB010 /* UniverseEndpoint.swift in Sources */ = {isa = PBXBuildFile; fileRef = 72BDED2A2798D04E005EB010 /* UniverseEndpoint.swift */; };
		72FF96A92798690D00B68493 /* FighterTableViewCell.swift in Sources */ = {isa = PBXBuildFile; fileRef = 72FF96A72798690D00B68493 /* FighterTableViewCell.swift */; };
		72FF96AA2798690D00B68493 /* FighterTableViewCell.xib in Resources */ = {isa = PBXBuildFile; fileRef = 72FF96A82798690D00B68493 /* FighterTableViewCell.xib */; };
		72FF96AF2798988D00B68493 /* CategoryFighterCollectionViewCell.swift in Sources */ = {isa = PBXBuildFile; fileRef = 72FF96AD2798988D00B68493 /* CategoryFighterCollectionViewCell.swift */; };
		72FF96B02798988D00B68493 /* CategoryFighterCollectionViewCell.xib in Resources */ = {isa = PBXBuildFile; fileRef = 72FF96AE2798988D00B68493 /* CategoryFighterCollectionViewCell.xib */; };
		72FF96B22798ABB900B68493 /* Fighter.swift in Sources */ = {isa = PBXBuildFile; fileRef = 72FF96B12798ABB900B68493 /* Fighter.swift */; };
		72FF96B52798B73D00B68493 /* FighterService.swift in Sources */ = {isa = PBXBuildFile; fileRef = 72FF96B42798B73D00B68493 /* FighterService.swift */; };
		86533F77CA8DEFACDBE5E357 /* Pods_Smash_Bros_Ultimate_KoombeaTests.framework in Frameworks */ = {isa = PBXBuildFile; fileRef = 9F04B7A51948198B8F00246D /* Pods_Smash_Bros_Ultimate_KoombeaTests.framework */; };
		AA4F899778DD277E4268E241 /* Pods_Smash_Bros_Ultimate_Koombea_Smash_Bros_Ultimate_KoombeaUITests.framework in Frameworks */ = {isa = PBXBuildFile; fileRef = 42C4BAF3F6D6E06589218A8A /* Pods_Smash_Bros_Ultimate_Koombea_Smash_Bros_Ultimate_KoombeaUITests.framework */; };
/* End PBXBuildFile section */

/* Begin PBXContainerItemProxy section */
		7207622827970EA5000E56AF /* PBXContainerItemProxy */ = {
			isa = PBXContainerItemProxy;
			containerPortal = 7207620627970EA4000E56AF /* Project object */;
			proxyType = 1;
			remoteGlobalIDString = 7207620D27970EA4000E56AF;
			remoteInfo = "Smash-Bros-Ultimate-Koombea";
		};
		7207623227970EA5000E56AF /* PBXContainerItemProxy */ = {
			isa = PBXContainerItemProxy;
			containerPortal = 7207620627970EA4000E56AF /* Project object */;
			proxyType = 1;
			remoteGlobalIDString = 7207620D27970EA4000E56AF;
			remoteInfo = "Smash-Bros-Ultimate-Koombea";
		};
/* End PBXContainerItemProxy section */

/* Begin PBXFileReference section */
		124049AA3CA1DC1F8BD0BBDB /* Pods-Smash-Bros-Ultimate-Koombea-Smash-Bros-Ultimate-KoombeaUITests.debug.xcconfig */ = {isa = PBXFileReference; includeInIndex = 1; lastKnownFileType = text.xcconfig; name = "Pods-Smash-Bros-Ultimate-Koombea-Smash-Bros-Ultimate-KoombeaUITests.debug.xcconfig"; path = "Target Support Files/Pods-Smash-Bros-Ultimate-Koombea-Smash-Bros-Ultimate-KoombeaUITests/Pods-Smash-Bros-Ultimate-Koombea-Smash-Bros-Ultimate-KoombeaUITests.debug.xcconfig"; sourceTree = "<group>"; };
		341E999E692849A954BC57F9 /* Pods-Smash-Bros-Ultimate-Koombea.release.xcconfig */ = {isa = PBXFileReference; includeInIndex = 1; lastKnownFileType = text.xcconfig; name = "Pods-Smash-Bros-Ultimate-Koombea.release.xcconfig"; path = "Target Support Files/Pods-Smash-Bros-Ultimate-Koombea/Pods-Smash-Bros-Ultimate-Koombea.release.xcconfig"; sourceTree = "<group>"; };
		42C4BAF3F6D6E06589218A8A /* Pods_Smash_Bros_Ultimate_Koombea_Smash_Bros_Ultimate_KoombeaUITests.framework */ = {isa = PBXFileReference; explicitFileType = wrapper.framework; includeInIndex = 0; path = Pods_Smash_Bros_Ultimate_Koombea_Smash_Bros_Ultimate_KoombeaUITests.framework; sourceTree = BUILT_PRODUCTS_DIR; };
		4E6CB1EF76DEB18C403ADF22 /* Pods_Smash_Bros_Ultimate_Koombea.framework */ = {isa = PBXFileReference; explicitFileType = wrapper.framework; includeInIndex = 0; path = Pods_Smash_Bros_Ultimate_Koombea.framework; sourceTree = BUILT_PRODUCTS_DIR; };
		7207620E27970EA4000E56AF /* Smash-Bros-Ultimate-Koombea.app */ = {isa = PBXFileReference; explicitFileType = wrapper.application; includeInIndex = 0; path = "Smash-Bros-Ultimate-Koombea.app"; sourceTree = BUILT_PRODUCTS_DIR; };
		7207621127970EA4000E56AF /* AppDelegate.swift */ = {isa = PBXFileReference; lastKnownFileType = sourcecode.swift; path = AppDelegate.swift; sourceTree = "<group>"; };
		7207621B27970EA4000E56AF /* Smash_Bros_Ultimate_Koombea.xcdatamodel */ = {isa = PBXFileReference; lastKnownFileType = wrapper.xcdatamodel; path = Smash_Bros_Ultimate_Koombea.xcdatamodel; sourceTree = "<group>"; };
		7207621D27970EA4000E56AF /* Assets.xcassets */ = {isa = PBXFileReference; lastKnownFileType = folder.assetcatalog; path = Assets.xcassets; sourceTree = "<group>"; };
		7207622027970EA5000E56AF /* Base */ = {isa = PBXFileReference; lastKnownFileType = file.storyboard; name = Base; path = Base.lproj/LaunchScreen.storyboard; sourceTree = "<group>"; };
		7207622227970EA5000E56AF /* Info.plist */ = {isa = PBXFileReference; lastKnownFileType = text.plist.xml; path = Info.plist; sourceTree = "<group>"; };
		7207622727970EA5000E56AF /* Smash-Bros-Ultimate-KoombeaTests.xctest */ = {isa = PBXFileReference; explicitFileType = wrapper.cfbundle; includeInIndex = 0; path = "Smash-Bros-Ultimate-KoombeaTests.xctest"; sourceTree = BUILT_PRODUCTS_DIR; };
		7207622B27970EA5000E56AF /* Smash_Bros_Ultimate_KoombeaTests.swift */ = {isa = PBXFileReference; lastKnownFileType = sourcecode.swift; path = Smash_Bros_Ultimate_KoombeaTests.swift; sourceTree = "<group>"; };
		7207623127970EA5000E56AF /* Smash-Bros-Ultimate-KoombeaUITests.xctest */ = {isa = PBXFileReference; explicitFileType = wrapper.cfbundle; includeInIndex = 0; path = "Smash-Bros-Ultimate-KoombeaUITests.xctest"; sourceTree = BUILT_PRODUCTS_DIR; };
		7207623527970EA5000E56AF /* Smash_Bros_Ultimate_KoombeaUITests.swift */ = {isa = PBXFileReference; lastKnownFileType = sourcecode.swift; path = Smash_Bros_Ultimate_KoombeaUITests.swift; sourceTree = "<group>"; };
		7207623727970EA5000E56AF /* Smash_Bros_Ultimate_KoombeaUITestsLaunchTests.swift */ = {isa = PBXFileReference; lastKnownFileType = sourcecode.swift; path = Smash_Bros_Ultimate_KoombeaUITestsLaunchTests.swift; sourceTree = "<group>"; };
		720762442797167A000E56AF /* OnboardingView.swift */ = {isa = PBXFileReference; lastKnownFileType = sourcecode.swift; path = OnboardingView.swift; sourceTree = "<group>"; };
		720762452797167A000E56AF /* OnboardingViewModel.swift */ = {isa = PBXFileReference; lastKnownFileType = sourcecode.swift; path = OnboardingViewModel.swift; sourceTree = "<group>"; };
		720762462797167A000E56AF /* Onboarding.swift */ = {isa = PBXFileReference; lastKnownFileType = sourcecode.swift; path = Onboarding.swift; sourceTree = "<group>"; };
		7207626827971995000E56AF /* HomeViewModel.swift */ = {isa = PBXFileReference; lastKnownFileType = sourcecode.swift; path = HomeViewModel.swift; sourceTree = "<group>"; };
		72076270279719FF000E56AF /* Home.storyboard */ = {isa = PBXFileReference; lastKnownFileType = file.storyboard; path = Home.storyboard; sourceTree = "<group>"; };
		7207627C27972D82000E56AF /* Onboarding.storyboard */ = {isa = PBXFileReference; lastKnownFileType = file.storyboard; path = Onboarding.storyboard; sourceTree = "<group>"; };
		7207627F27975390000E56AF /* UIView.swift */ = {isa = PBXFileReference; lastKnownFileType = sourcecode.swift; path = UIView.swift; sourceTree = "<group>"; };
		72076282279770D7000E56AF /* OnboardingCollectionViewCell.swift */ = {isa = PBXFileReference; lastKnownFileType = sourcecode.swift; path = OnboardingCollectionViewCell.swift; sourceTree = "<group>"; };
		723A95A52797C241007163F3 /* HomeViewController.swift */ = {isa = PBXFileReference; lastKnownFileType = sourcecode.swift; path = HomeViewController.swift; sourceTree = "<group>"; };
		724EA5672799DFA4001AEC6E /* FighterDetail.storyboard */ = {isa = PBXFileReference; lastKnownFileType = file.storyboard; path = FighterDetail.storyboard; sourceTree = "<group>"; };
		724EA5692799DFCA001AEC6E /* FighterDetailViewController.swift */ = {isa = PBXFileReference; lastKnownFileType = sourcecode.swift; path = FighterDetailViewController.swift; sourceTree = "<group>"; };
		724EA56B2799EE14001AEC6E /* FighterDetail.swift */ = {isa = PBXFileReference; lastKnownFileType = sourcecode.swift; path = FighterDetail.swift; sourceTree = "<group>"; };
		72623B8D279A05F200F34514 /* UniverseService.swift */ = {isa = PBXFileReference; lastKnownFileType = sourcecode.swift; path = UniverseService.swift; sourceTree = "<group>"; };
		72BDED192798BB3B005EB010 /* Endpoint.swift */ = {isa = PBXFileReference; lastKnownFileType = sourcecode.swift; path = Endpoint.swift; sourceTree = "<group>"; };
		72BDED1B2798BBBA005EB010 /* FighterEndpoint.swift */ = {isa = PBXFileReference; lastKnownFileType = sourcecode.swift; path = FighterEndpoint.swift; sourceTree = "<group>"; };
		72BDED1D2798BF07005EB010 /* FighterResponse.swift */ = {isa = PBXFileReference; lastKnownFileType = sourcecode.swift; path = FighterResponse.swift; sourceTree = "<group>"; };
		72BDED1F2798BF11005EB010 /* FighterRequest.swift */ = {isa = PBXFileReference; lastKnownFileType = sourcecode.swift; path = FighterRequest.swift; sourceTree = "<group>"; };
		72BDED232798BFB9005EB010 /* UniverseResponse.swift */ = {isa = PBXFileReference; lastKnownFileType = sourcecode.swift; path = UniverseResponse.swift; sourceTree = "<group>"; };
		72BDED262798C058005EB010 /* MyNetworking.swift */ = {isa = PBXFileReference; lastKnownFileType = sourcecode.swift; path = MyNetworking.swift; sourceTree = "<group>"; };
		72BDED2A2798D04E005EB010 /* UniverseEndpoint.swift */ = {isa = PBXFileReference; lastKnownFileType = sourcecode.swift; path = UniverseEndpoint.swift; sourceTree = "<group>"; };
		72FF96A72798690D00B68493 /* FighterTableViewCell.swift */ = {isa = PBXFileReference; lastKnownFileType = sourcecode.swift; path = FighterTableViewCell.swift; sourceTree = "<group>"; };
		72FF96A82798690D00B68493 /* FighterTableViewCell.xib */ = {isa = PBXFileReference; lastKnownFileType = file.xib; path = FighterTableViewCell.xib; sourceTree = "<group>"; };
		72FF96AD2798988D00B68493 /* CategoryFighterCollectionViewCell.swift */ = {isa = PBXFileReference; lastKnownFileType = sourcecode.swift; path = CategoryFighterCollectionViewCell.swift; sourceTree = "<group>"; };
		72FF96AE2798988D00B68493 /* CategoryFighterCollectionViewCell.xib */ = {isa = PBXFileReference; lastKnownFileType = file.xib; path = CategoryFighterCollectionViewCell.xib; sourceTree = "<group>"; };
		72FF96B12798ABB900B68493 /* Fighter.swift */ = {isa = PBXFileReference; lastKnownFileType = sourcecode.swift; path = Fighter.swift; sourceTree = "<group>"; };
		72FF96B42798B73D00B68493 /* FighterService.swift */ = {isa = PBXFileReference; lastKnownFileType = sourcecode.swift; path = FighterService.swift; sourceTree = "<group>"; };
		7880EC95C12C10628E3B23C9 /* Pods-Smash-Bros-Ultimate-KoombeaTests.release.xcconfig */ = {isa = PBXFileReference; includeInIndex = 1; lastKnownFileType = text.xcconfig; name = "Pods-Smash-Bros-Ultimate-KoombeaTests.release.xcconfig"; path = "Target Support Files/Pods-Smash-Bros-Ultimate-KoombeaTests/Pods-Smash-Bros-Ultimate-KoombeaTests.release.xcconfig"; sourceTree = "<group>"; };
		9F04B7A51948198B8F00246D /* Pods_Smash_Bros_Ultimate_KoombeaTests.framework */ = {isa = PBXFileReference; explicitFileType = wrapper.framework; includeInIndex = 0; path = Pods_Smash_Bros_Ultimate_KoombeaTests.framework; sourceTree = BUILT_PRODUCTS_DIR; };
		B5F7D8D896FC2D1BC04037AC /* Pods-Smash-Bros-Ultimate-KoombeaTests.debug.xcconfig */ = {isa = PBXFileReference; includeInIndex = 1; lastKnownFileType = text.xcconfig; name = "Pods-Smash-Bros-Ultimate-KoombeaTests.debug.xcconfig"; path = "Target Support Files/Pods-Smash-Bros-Ultimate-KoombeaTests/Pods-Smash-Bros-Ultimate-KoombeaTests.debug.xcconfig"; sourceTree = "<group>"; };
		BDF4EE869F45A2799D514991 /* Pods-Smash-Bros-Ultimate-Koombea.debug.xcconfig */ = {isa = PBXFileReference; includeInIndex = 1; lastKnownFileType = text.xcconfig; name = "Pods-Smash-Bros-Ultimate-Koombea.debug.xcconfig"; path = "Target Support Files/Pods-Smash-Bros-Ultimate-Koombea/Pods-Smash-Bros-Ultimate-Koombea.debug.xcconfig"; sourceTree = "<group>"; };
		C475120CA6CF38E09EB33602 /* Pods-Smash-Bros-Ultimate-Koombea-Smash-Bros-Ultimate-KoombeaUITests.release.xcconfig */ = {isa = PBXFileReference; includeInIndex = 1; lastKnownFileType = text.xcconfig; name = "Pods-Smash-Bros-Ultimate-Koombea-Smash-Bros-Ultimate-KoombeaUITests.release.xcconfig"; path = "Target Support Files/Pods-Smash-Bros-Ultimate-Koombea-Smash-Bros-Ultimate-KoombeaUITests/Pods-Smash-Bros-Ultimate-Koombea-Smash-Bros-Ultimate-KoombeaUITests.release.xcconfig"; sourceTree = "<group>"; };
/* End PBXFileReference section */

/* Begin PBXFrameworksBuildPhase section */
		7207620B27970EA4000E56AF /* Frameworks */ = {
			isa = PBXFrameworksBuildPhase;
			buildActionMask = 2147483647;
			files = (
				4CCA2069F45C224F19F3292A /* Pods_Smash_Bros_Ultimate_Koombea.framework in Frameworks */,
			);
			runOnlyForDeploymentPostprocessing = 0;
		};
		7207622427970EA5000E56AF /* Frameworks */ = {
			isa = PBXFrameworksBuildPhase;
			buildActionMask = 2147483647;
			files = (
				86533F77CA8DEFACDBE5E357 /* Pods_Smash_Bros_Ultimate_KoombeaTests.framework in Frameworks */,
			);
			runOnlyForDeploymentPostprocessing = 0;
		};
		7207622E27970EA5000E56AF /* Frameworks */ = {
			isa = PBXFrameworksBuildPhase;
			buildActionMask = 2147483647;
			files = (
				AA4F899778DD277E4268E241 /* Pods_Smash_Bros_Ultimate_Koombea_Smash_Bros_Ultimate_KoombeaUITests.framework in Frameworks */,
			);
			runOnlyForDeploymentPostprocessing = 0;
		};
/* End PBXFrameworksBuildPhase section */

/* Begin PBXGroup section */
		2D038F4359E7706CB2E12DC3 /* Pods */ = {
			isa = PBXGroup;
			children = (
				BDF4EE869F45A2799D514991 /* Pods-Smash-Bros-Ultimate-Koombea.debug.xcconfig */,
				341E999E692849A954BC57F9 /* Pods-Smash-Bros-Ultimate-Koombea.release.xcconfig */,
				124049AA3CA1DC1F8BD0BBDB /* Pods-Smash-Bros-Ultimate-Koombea-Smash-Bros-Ultimate-KoombeaUITests.debug.xcconfig */,
				C475120CA6CF38E09EB33602 /* Pods-Smash-Bros-Ultimate-Koombea-Smash-Bros-Ultimate-KoombeaUITests.release.xcconfig */,
				B5F7D8D896FC2D1BC04037AC /* Pods-Smash-Bros-Ultimate-KoombeaTests.debug.xcconfig */,
				7880EC95C12C10628E3B23C9 /* Pods-Smash-Bros-Ultimate-KoombeaTests.release.xcconfig */,
			);
			path = Pods;
			sourceTree = "<group>";
		};
		7207620527970EA4000E56AF = {
			isa = PBXGroup;
			children = (
				7207621027970EA4000E56AF /* Smash-Bros-Ultimate-Koombea */,
				7207622A27970EA5000E56AF /* Smash-Bros-Ultimate-KoombeaTests */,
				7207623427970EA5000E56AF /* Smash-Bros-Ultimate-KoombeaUITests */,
				7207620F27970EA4000E56AF /* Products */,
				2D038F4359E7706CB2E12DC3 /* Pods */,
				B06082D60D71E62E2782A100 /* Frameworks */,
			);
			sourceTree = "<group>";
		};
		7207620F27970EA4000E56AF /* Products */ = {
			isa = PBXGroup;
			children = (
				7207620E27970EA4000E56AF /* Smash-Bros-Ultimate-Koombea.app */,
				7207622727970EA5000E56AF /* Smash-Bros-Ultimate-KoombeaTests.xctest */,
				7207623127970EA5000E56AF /* Smash-Bros-Ultimate-KoombeaUITests.xctest */,
			);
			name = Products;
			sourceTree = "<group>";
		};
		7207621027970EA4000E56AF /* Smash-Bros-Ultimate-Koombea */ = {
			isa = PBXGroup;
			children = (
				72FF96B32798B71100B68493 /* Networking */,
				7207624C279716AD000E56AF /* Onboarding */,
				720762662797198B000E56AF /* Home */,
				7207626427971955000E56AF /* DetailFighter */,
				7207621F27970EA5000E56AF /* LaunchScreen.storyboard */,
				7207622227970EA5000E56AF /* Info.plist */,
				7207621A27970EA4000E56AF /* Smash_Bros_Ultimate_Koombea.xcdatamodeld */,
			);
			path = "Smash-Bros-Ultimate-Koombea";
			sourceTree = "<group>";
		};
		7207622A27970EA5000E56AF /* Smash-Bros-Ultimate-KoombeaTests */ = {
			isa = PBXGroup;
			children = (
				7207622B27970EA5000E56AF /* Smash_Bros_Ultimate_KoombeaTests.swift */,
			);
			path = "Smash-Bros-Ultimate-KoombeaTests";
			sourceTree = "<group>";
		};
		7207623427970EA5000E56AF /* Smash-Bros-Ultimate-KoombeaUITests */ = {
			isa = PBXGroup;
			children = (
				7207623527970EA5000E56AF /* Smash_Bros_Ultimate_KoombeaUITests.swift */,
				7207623727970EA5000E56AF /* Smash_Bros_Ultimate_KoombeaUITestsLaunchTests.swift */,
			);
			path = "Smash-Bros-Ultimate-KoombeaUITests";
			sourceTree = "<group>";
		};
		7207624C279716AD000E56AF /* Onboarding */ = {
			isa = PBXGroup;
			children = (
				7207627827971BF1000E56AF /* ViewModel */,
				7207627727971BE7000E56AF /* Model */,
				7207627527971BD0000E56AF /* View */,
			);
			path = Onboarding;
			sourceTree = "<group>";
		};
		7207626427971955000E56AF /* DetailFighter */ = {
			isa = PBXGroup;
			children = (
				7207627B27971EA1000E56AF /* View */,
				7207627A27971E9C000E56AF /* Model */,
				7207627927971E93000E56AF /* ViewModel */,
			);
			path = DetailFighter;
			sourceTree = "<group>";
		};
		7207626527971973000E56AF /* Resource */ = {
			isa = PBXGroup;
			children = (
				7207627E27975384000E56AF /* Extensions */,
				7207621D27970EA4000E56AF /* Assets.xcassets */,
				7207621127970EA4000E56AF /* AppDelegate.swift */,
			);
			path = Resource;
			sourceTree = "<group>";
		};
		720762662797198B000E56AF /* Home */ = {
			isa = PBXGroup;
			children = (
				7207627427971BB9000E56AF /* ViewModel */,
				7207627327971BB2000E56AF /* View */,
				7207627227971BA2000E56AF /* Model */,
			);
			path = Home;
			sourceTree = "<group>";
		};
		7207627227971BA2000E56AF /* Model */ = {
			isa = PBXGroup;
			children = (
				72FF96B12798ABB900B68493 /* Fighter.swift */,
			);
			path = Model;
			sourceTree = "<group>";
		};
		7207627327971BB2000E56AF /* View */ = {
			isa = PBXGroup;
			children = (
				72076270279719FF000E56AF /* Home.storyboard */,
				723A95A52797C241007163F3 /* HomeViewController.swift */,
				72FF96A6279868EB00B68493 /* Cell */,
			);
			path = View;
			sourceTree = "<group>";
		};
		7207627427971BB9000E56AF /* ViewModel */ = {
			isa = PBXGroup;
			children = (
				7207626827971995000E56AF /* HomeViewModel.swift */,
			);
			path = ViewModel;
			sourceTree = "<group>";
		};
		7207627527971BD0000E56AF /* View */ = {
			isa = PBXGroup;
			children = (
				72076281279770BD000E56AF /* CollectionCell */,
				720762442797167A000E56AF /* OnboardingView.swift */,
				7207627C27972D82000E56AF /* Onboarding.storyboard */,
			);
			path = View;
			sourceTree = "<group>";
		};
		7207627727971BE7000E56AF /* Model */ = {
			isa = PBXGroup;
			children = (
				720762462797167A000E56AF /* Onboarding.swift */,
			);
			path = Model;
			sourceTree = "<group>";
		};
		7207627827971BF1000E56AF /* ViewModel */ = {
			isa = PBXGroup;
			children = (
				720762452797167A000E56AF /* OnboardingViewModel.swift */,
			);
			path = ViewModel;
			sourceTree = "<group>";
		};
		7207627927971E93000E56AF /* ViewModel */ = {
			isa = PBXGroup;
			children = (
			);
			path = ViewModel;
			sourceTree = "<group>";
		};
		7207627A27971E9C000E56AF /* Model */ = {
			isa = PBXGroup;
			children = (
				724EA56B2799EE14001AEC6E /* FighterDetail.swift */,
			);
			path = Model;
			sourceTree = "<group>";
		};
		7207627B27971EA1000E56AF /* View */ = {
			isa = PBXGroup;
			children = (
				724EA5672799DFA4001AEC6E /* FighterDetail.storyboard */,
				724EA5692799DFCA001AEC6E /* FighterDetailViewController.swift */,
			);
			path = View;
			sourceTree = "<group>";
		};
		7207627E27975384000E56AF /* Extensions */ = {
			isa = PBXGroup;
			children = (
				7207627F27975390000E56AF /* UIView.swift */,
			);
			path = Extensions;
			sourceTree = "<group>";
		};
		72076281279770BD000E56AF /* CollectionCell */ = {
			isa = PBXGroup;
			children = (
				72076282279770D7000E56AF /* OnboardingCollectionViewCell.swift */,
			);
			path = CollectionCell;
			sourceTree = "<group>";
		};
		72BDED252798C035005EB010 /* Network */ = {
			isa = PBXGroup;
			children = (
				72BDED262798C058005EB010 /* MyNetworking.swift */,
			);
			path = Network;
			sourceTree = "<group>";
		};
		72BDED282798C0A0005EB010 /* Fighter */ = {
			isa = PBXGroup;
			children = (
				72FF96B42798B73D00B68493 /* FighterService.swift */,
				72BDED1B2798BBBA005EB010 /* FighterEndpoint.swift */,
				72BDED1D2798BF07005EB010 /* FighterResponse.swift */,
				72BDED1F2798BF11005EB010 /* FighterRequest.swift */,
			);
			path = Fighter;
			sourceTree = "<group>";
		};
		72BDED292798C0B6005EB010 /* Universe */ = {
			isa = PBXGroup;
			children = (
				72BDED232798BFB9005EB010 /* UniverseResponse.swift */,
				72BDED2A2798D04E005EB010 /* UniverseEndpoint.swift */,
				72623B8D279A05F200F34514 /* UniverseService.swift */,
			);
			path = Universe;
			sourceTree = "<group>";
		};
		72FF96A6279868EB00B68493 /* Cell */ = {
			isa = PBXGroup;
			children = (
				72FF96AC279897A700B68493 /* Fighter */,
				72FF96AB2798979E00B68493 /* CategoryFighter */,
			);
			path = Cell;
			sourceTree = "<group>";
		};
		72FF96AB2798979E00B68493 /* CategoryFighter */ = {
			isa = PBXGroup;
			children = (
				72FF96AD2798988D00B68493 /* CategoryFighterCollectionViewCell.swift */,
				72FF96AE2798988D00B68493 /* CategoryFighterCollectionViewCell.xib */,
			);
			path = CategoryFighter;
			sourceTree = "<group>";
		};
		72FF96AC279897A700B68493 /* Fighter */ = {
			isa = PBXGroup;
			children = (
				72FF96A72798690D00B68493 /* FighterTableViewCell.swift */,
				72FF96A82798690D00B68493 /* FighterTableViewCell.xib */,
			);
			path = Fighter;
			sourceTree = "<group>";
		};
		72FF96B32798B71100B68493 /* Networking */ = {
			isa = PBXGroup;
			children = (
				7207626527971973000E56AF /* Resource */,
				72BDED292798C0B6005EB010 /* Universe */,
				72BDED282798C0A0005EB010 /* Fighter */,
				72BDED252798C035005EB010 /* Network */,
				72BDED192798BB3B005EB010 /* Endpoint.swift */,
			);
			path = Networking;
			sourceTree = "<group>";
		};
		B06082D60D71E62E2782A100 /* Frameworks */ = {
			isa = PBXGroup;
			children = (
				4E6CB1EF76DEB18C403ADF22 /* Pods_Smash_Bros_Ultimate_Koombea.framework */,
				42C4BAF3F6D6E06589218A8A /* Pods_Smash_Bros_Ultimate_Koombea_Smash_Bros_Ultimate_KoombeaUITests.framework */,
				9F04B7A51948198B8F00246D /* Pods_Smash_Bros_Ultimate_KoombeaTests.framework */,
			);
			name = Frameworks;
			sourceTree = "<group>";
		};
/* End PBXGroup section */

/* Begin PBXNativeTarget section */
		7207620D27970EA4000E56AF /* Smash-Bros-Ultimate-Koombea */ = {
			isa = PBXNativeTarget;
			buildConfigurationList = 7207623B27970EA5000E56AF /* Build configuration list for PBXNativeTarget "Smash-Bros-Ultimate-Koombea" */;
			buildPhases = (
				195D6EE41935DEF97A312F35 /* [CP] Check Pods Manifest.lock */,
				7207620A27970EA4000E56AF /* Sources */,
				7207620B27970EA4000E56AF /* Frameworks */,
				7207620C27970EA4000E56AF /* Resources */,
				C9A308CDF7BA25A0B1087932 /* [CP] Embed Pods Frameworks */,
			);
			buildRules = (
			);
			dependencies = (
			);
			name = "Smash-Bros-Ultimate-Koombea";
			productName = "Smash-Bros-Ultimate-Koombea";
			productReference = 7207620E27970EA4000E56AF /* Smash-Bros-Ultimate-Koombea.app */;
			productType = "com.apple.product-type.application";
		};
		7207622627970EA5000E56AF /* Smash-Bros-Ultimate-KoombeaTests */ = {
			isa = PBXNativeTarget;
			buildConfigurationList = 7207623E27970EA5000E56AF /* Build configuration list for PBXNativeTarget "Smash-Bros-Ultimate-KoombeaTests" */;
			buildPhases = (
				05B3C9BAFCBDD7B8AA114E5F /* [CP] Check Pods Manifest.lock */,
				7207622327970EA5000E56AF /* Sources */,
				7207622427970EA5000E56AF /* Frameworks */,
				7207622527970EA5000E56AF /* Resources */,
			);
			buildRules = (
			);
			dependencies = (
				7207622927970EA5000E56AF /* PBXTargetDependency */,
			);
			name = "Smash-Bros-Ultimate-KoombeaTests";
			productName = "Smash-Bros-Ultimate-KoombeaTests";
			productReference = 7207622727970EA5000E56AF /* Smash-Bros-Ultimate-KoombeaTests.xctest */;
			productType = "com.apple.product-type.bundle.unit-test";
		};
		7207623027970EA5000E56AF /* Smash-Bros-Ultimate-KoombeaUITests */ = {
			isa = PBXNativeTarget;
			buildConfigurationList = 7207624127970EA5000E56AF /* Build configuration list for PBXNativeTarget "Smash-Bros-Ultimate-KoombeaUITests" */;
			buildPhases = (
				869CE90CD71C0F65F5617BA1 /* [CP] Check Pods Manifest.lock */,
				7207622D27970EA5000E56AF /* Sources */,
				7207622E27970EA5000E56AF /* Frameworks */,
				7207622F27970EA5000E56AF /* Resources */,
				1890A6E571DFAE6E0BF21FD8 /* [CP] Embed Pods Frameworks */,
			);
			buildRules = (
			);
			dependencies = (
				7207623327970EA5000E56AF /* PBXTargetDependency */,
			);
			name = "Smash-Bros-Ultimate-KoombeaUITests";
			productName = "Smash-Bros-Ultimate-KoombeaUITests";
			productReference = 7207623127970EA5000E56AF /* Smash-Bros-Ultimate-KoombeaUITests.xctest */;
			productType = "com.apple.product-type.bundle.ui-testing";
		};
/* End PBXNativeTarget section */

/* Begin PBXProject section */
		7207620627970EA4000E56AF /* Project object */ = {
			isa = PBXProject;
			attributes = {
				BuildIndependentTargetsInParallel = 1;
				LastSwiftUpdateCheck = 1300;
				LastUpgradeCheck = 1300;
				TargetAttributes = {
					7207620D27970EA4000E56AF = {
						CreatedOnToolsVersion = 13.0;
					};
					7207622627970EA5000E56AF = {
						CreatedOnToolsVersion = 13.0;
						TestTargetID = 7207620D27970EA4000E56AF;
					};
					7207623027970EA5000E56AF = {
						CreatedOnToolsVersion = 13.0;
						TestTargetID = 7207620D27970EA4000E56AF;
					};
				};
			};
			buildConfigurationList = 7207620927970EA4000E56AF /* Build configuration list for PBXProject "Smash-Bros-Ultimate-Koombea" */;
			compatibilityVersion = "Xcode 13.0";
			developmentRegion = en;
			hasScannedForEncodings = 0;
			knownRegions = (
				en,
				Base,
			);
			mainGroup = 7207620527970EA4000E56AF;
			productRefGroup = 7207620F27970EA4000E56AF /* Products */;
			projectDirPath = "";
			projectRoot = "";
			targets = (
				7207620D27970EA4000E56AF /* Smash-Bros-Ultimate-Koombea */,
				7207622627970EA5000E56AF /* Smash-Bros-Ultimate-KoombeaTests */,
				7207623027970EA5000E56AF /* Smash-Bros-Ultimate-KoombeaUITests */,
			);
		};
/* End PBXProject section */

/* Begin PBXResourcesBuildPhase section */
		7207620C27970EA4000E56AF /* Resources */ = {
			isa = PBXResourcesBuildPhase;
			buildActionMask = 2147483647;
			files = (
				72FF96B02798988D00B68493 /* CategoryFighterCollectionViewCell.xib in Resources */,
				72076271279719FF000E56AF /* Home.storyboard in Resources */,
				7207622127970EA5000E56AF /* LaunchScreen.storyboard in Resources */,
				724EA5682799DFA4001AEC6E /* FighterDetail.storyboard in Resources */,
				7207621E27970EA4000E56AF /* Assets.xcassets in Resources */,
				7207627D27972D82000E56AF /* Onboarding.storyboard in Resources */,
				72FF96AA2798690D00B68493 /* FighterTableViewCell.xib in Resources */,
			);
			runOnlyForDeploymentPostprocessing = 0;
		};
		7207622527970EA5000E56AF /* Resources */ = {
			isa = PBXResourcesBuildPhase;
			buildActionMask = 2147483647;
			files = (
			);
			runOnlyForDeploymentPostprocessing = 0;
		};
		7207622F27970EA5000E56AF /* Resources */ = {
			isa = PBXResourcesBuildPhase;
			buildActionMask = 2147483647;
			files = (
			);
			runOnlyForDeploymentPostprocessing = 0;
		};
/* End PBXResourcesBuildPhase section */

/* Begin PBXShellScriptBuildPhase section */
		05B3C9BAFCBDD7B8AA114E5F /* [CP] Check Pods Manifest.lock */ = {
			isa = PBXShellScriptBuildPhase;
			buildActionMask = 2147483647;
			files = (
			);
			inputFileListPaths = (
			);
			inputPaths = (
				"${PODS_PODFILE_DIR_PATH}/Podfile.lock",
				"${PODS_ROOT}/Manifest.lock",
			);
			name = "[CP] Check Pods Manifest.lock";
			outputFileListPaths = (
			);
			outputPaths = (
				"$(DERIVED_FILE_DIR)/Pods-Smash-Bros-Ultimate-KoombeaTests-checkManifestLockResult.txt",
			);
			runOnlyForDeploymentPostprocessing = 0;
			shellPath = /bin/sh;
			shellScript = "diff \"${PODS_PODFILE_DIR_PATH}/Podfile.lock\" \"${PODS_ROOT}/Manifest.lock\" > /dev/null\nif [ $? != 0 ] ; then\n    # print error to STDERR\n    echo \"error: The sandbox is not in sync with the Podfile.lock. Run 'pod install' or update your CocoaPods installation.\" >&2\n    exit 1\nfi\n# This output is used by Xcode 'outputs' to avoid re-running this script phase.\necho \"SUCCESS\" > \"${SCRIPT_OUTPUT_FILE_0}\"\n";
			showEnvVarsInLog = 0;
		};
		1890A6E571DFAE6E0BF21FD8 /* [CP] Embed Pods Frameworks */ = {
			isa = PBXShellScriptBuildPhase;
			buildActionMask = 2147483647;
			files = (
			);
			inputFileListPaths = (
				"${PODS_ROOT}/Target Support Files/Pods-Smash-Bros-Ultimate-Koombea-Smash-Bros-Ultimate-KoombeaUITests/Pods-Smash-Bros-Ultimate-Koombea-Smash-Bros-Ultimate-KoombeaUITests-frameworks-${CONFIGURATION}-input-files.xcfilelist",
			);
			name = "[CP] Embed Pods Frameworks";
			outputFileListPaths = (
				"${PODS_ROOT}/Target Support Files/Pods-Smash-Bros-Ultimate-Koombea-Smash-Bros-Ultimate-KoombeaUITests/Pods-Smash-Bros-Ultimate-Koombea-Smash-Bros-Ultimate-KoombeaUITests-frameworks-${CONFIGURATION}-output-files.xcfilelist",
			);
			runOnlyForDeploymentPostprocessing = 0;
			shellPath = /bin/sh;
			shellScript = "\"${PODS_ROOT}/Target Support Files/Pods-Smash-Bros-Ultimate-Koombea-Smash-Bros-Ultimate-KoombeaUITests/Pods-Smash-Bros-Ultimate-Koombea-Smash-Bros-Ultimate-KoombeaUITests-frameworks.sh\"\n";
			showEnvVarsInLog = 0;
		};
		195D6EE41935DEF97A312F35 /* [CP] Check Pods Manifest.lock */ = {
			isa = PBXShellScriptBuildPhase;
			buildActionMask = 2147483647;
			files = (
			);
			inputFileListPaths = (
			);
			inputPaths = (
				"${PODS_PODFILE_DIR_PATH}/Podfile.lock",
				"${PODS_ROOT}/Manifest.lock",
			);
			name = "[CP] Check Pods Manifest.lock";
			outputFileListPaths = (
			);
			outputPaths = (
				"$(DERIVED_FILE_DIR)/Pods-Smash-Bros-Ultimate-Koombea-checkManifestLockResult.txt",
			);
			runOnlyForDeploymentPostprocessing = 0;
			shellPath = /bin/sh;
			shellScript = "diff \"${PODS_PODFILE_DIR_PATH}/Podfile.lock\" \"${PODS_ROOT}/Manifest.lock\" > /dev/null\nif [ $? != 0 ] ; then\n    # print error to STDERR\n    echo \"error: The sandbox is not in sync with the Podfile.lock. Run 'pod install' or update your CocoaPods installation.\" >&2\n    exit 1\nfi\n# This output is used by Xcode 'outputs' to avoid re-running this script phase.\necho \"SUCCESS\" > \"${SCRIPT_OUTPUT_FILE_0}\"\n";
			showEnvVarsInLog = 0;
		};
		869CE90CD71C0F65F5617BA1 /* [CP] Check Pods Manifest.lock */ = {
			isa = PBXShellScriptBuildPhase;
			buildActionMask = 2147483647;
			files = (
			);
			inputFileListPaths = (
			);
			inputPaths = (
				"${PODS_PODFILE_DIR_PATH}/Podfile.lock",
				"${PODS_ROOT}/Manifest.lock",
			);
			name = "[CP] Check Pods Manifest.lock";
			outputFileListPaths = (
			);
			outputPaths = (
				"$(DERIVED_FILE_DIR)/Pods-Smash-Bros-Ultimate-Koombea-Smash-Bros-Ultimate-KoombeaUITests-checkManifestLockResult.txt",
			);
			runOnlyForDeploymentPostprocessing = 0;
			shellPath = /bin/sh;
			shellScript = "diff \"${PODS_PODFILE_DIR_PATH}/Podfile.lock\" \"${PODS_ROOT}/Manifest.lock\" > /dev/null\nif [ $? != 0 ] ; then\n    # print error to STDERR\n    echo \"error: The sandbox is not in sync with the Podfile.lock. Run 'pod install' or update your CocoaPods installation.\" >&2\n    exit 1\nfi\n# This output is used by Xcode 'outputs' to avoid re-running this script phase.\necho \"SUCCESS\" > \"${SCRIPT_OUTPUT_FILE_0}\"\n";
			showEnvVarsInLog = 0;
		};
		C9A308CDF7BA25A0B1087932 /* [CP] Embed Pods Frameworks */ = {
			isa = PBXShellScriptBuildPhase;
			buildActionMask = 2147483647;
			files = (
			);
			inputFileListPaths = (
				"${PODS_ROOT}/Target Support Files/Pods-Smash-Bros-Ultimate-Koombea/Pods-Smash-Bros-Ultimate-Koombea-frameworks-${CONFIGURATION}-input-files.xcfilelist",
			);
			name = "[CP] Embed Pods Frameworks";
			outputFileListPaths = (
				"${PODS_ROOT}/Target Support Files/Pods-Smash-Bros-Ultimate-Koombea/Pods-Smash-Bros-Ultimate-Koombea-frameworks-${CONFIGURATION}-output-files.xcfilelist",
			);
			runOnlyForDeploymentPostprocessing = 0;
			shellPath = /bin/sh;
			shellScript = "\"${PODS_ROOT}/Target Support Files/Pods-Smash-Bros-Ultimate-Koombea/Pods-Smash-Bros-Ultimate-Koombea-frameworks.sh\"\n";
			showEnvVarsInLog = 0;
		};
/* End PBXShellScriptBuildPhase section */

/* Begin PBXSourcesBuildPhase section */
		7207620A27970EA4000E56AF /* Sources */ = {
			isa = PBXSourcesBuildPhase;
			buildActionMask = 2147483647;
			files = (
				72FF96AF2798988D00B68493 /* CategoryFighterCollectionViewCell.swift in Sources */,
				7207628027975390000E56AF /* UIView.swift in Sources */,
				724EA56C2799EE14001AEC6E /* FighterDetail.swift in Sources */,
				72FF96A92798690D00B68493 /* FighterTableViewCell.swift in Sources */,
				720762492797167A000E56AF /* OnboardingViewModel.swift in Sources */,
				724EA56A2799DFCA001AEC6E /* FighterDetailViewController.swift in Sources */,
				7207621227970EA4000E56AF /* AppDelegate.swift in Sources */,
				72076283279770D7000E56AF /* OnboardingCollectionViewCell.swift in Sources */,
				72BDED1C2798BBBA005EB010 /* FighterEndpoint.swift in Sources */,
				7207624A2797167A000E56AF /* Onboarding.swift in Sources */,
				7207621C27970EA4000E56AF /* Smash_Bros_Ultimate_Koombea.xcdatamodeld in Sources */,
				72FF96B52798B73D00B68493 /* FighterService.swift in Sources */,
				72BDED2B2798D04E005EB010 /* UniverseEndpoint.swift in Sources */,
				72BDED272798C058005EB010 /* MyNetworking.swift in Sources */,
				72623B8E279A05F200F34514 /* UniverseService.swift in Sources */,
				72FF96B22798ABB900B68493 /* Fighter.swift in Sources */,
				72BDED1E2798BF07005EB010 /* FighterResponse.swift in Sources */,
				72BDED242798BFB9005EB010 /* UniverseResponse.swift in Sources */,
				72BDED1A2798BB3B005EB010 /* Endpoint.swift in Sources */,
				720762482797167A000E56AF /* OnboardingView.swift in Sources */,
				723A95A62797C241007163F3 /* HomeViewController.swift in Sources */,
				7207626C27971995000E56AF /* HomeViewModel.swift in Sources */,
				72BDED202798BF11005EB010 /* FighterRequest.swift in Sources */,
			);
			runOnlyForDeploymentPostprocessing = 0;
		};
		7207622327970EA5000E56AF /* Sources */ = {
			isa = PBXSourcesBuildPhase;
			buildActionMask = 2147483647;
			files = (
				7207622C27970EA5000E56AF /* Smash_Bros_Ultimate_KoombeaTests.swift in Sources */,
			);
			runOnlyForDeploymentPostprocessing = 0;
		};
		7207622D27970EA5000E56AF /* Sources */ = {
			isa = PBXSourcesBuildPhase;
			buildActionMask = 2147483647;
			files = (
				7207623627970EA5000E56AF /* Smash_Bros_Ultimate_KoombeaUITests.swift in Sources */,
				7207623827970EA5000E56AF /* Smash_Bros_Ultimate_KoombeaUITestsLaunchTests.swift in Sources */,
			);
			runOnlyForDeploymentPostprocessing = 0;
		};
/* End PBXSourcesBuildPhase section */

/* Begin PBXTargetDependency section */
		7207622927970EA5000E56AF /* PBXTargetDependency */ = {
			isa = PBXTargetDependency;
			target = 7207620D27970EA4000E56AF /* Smash-Bros-Ultimate-Koombea */;
			targetProxy = 7207622827970EA5000E56AF /* PBXContainerItemProxy */;
		};
		7207623327970EA5000E56AF /* PBXTargetDependency */ = {
			isa = PBXTargetDependency;
			target = 7207620D27970EA4000E56AF /* Smash-Bros-Ultimate-Koombea */;
			targetProxy = 7207623227970EA5000E56AF /* PBXContainerItemProxy */;
		};
/* End PBXTargetDependency section */

/* Begin PBXVariantGroup section */
		7207621F27970EA5000E56AF /* LaunchScreen.storyboard */ = {
			isa = PBXVariantGroup;
			children = (
				7207622027970EA5000E56AF /* Base */,
			);
			name = LaunchScreen.storyboard;
			sourceTree = "<group>";
		};
/* End PBXVariantGroup section */

/* Begin XCBuildConfiguration section */
		7207623927970EA5000E56AF /* Debug */ = {
			isa = XCBuildConfiguration;
			buildSettings = {
				ALWAYS_SEARCH_USER_PATHS = NO;
				CLANG_ANALYZER_NONNULL = YES;
				CLANG_ANALYZER_NUMBER_OBJECT_CONVERSION = YES_AGGRESSIVE;
				CLANG_CXX_LANGUAGE_STANDARD = "gnu++17";
				CLANG_CXX_LIBRARY = "libc++";
				CLANG_ENABLE_MODULES = YES;
				CLANG_ENABLE_OBJC_ARC = YES;
				CLANG_ENABLE_OBJC_WEAK = YES;
				CLANG_WARN_BLOCK_CAPTURE_AUTORELEASING = YES;
				CLANG_WARN_BOOL_CONVERSION = YES;
				CLANG_WARN_COMMA = YES;
				CLANG_WARN_CONSTANT_CONVERSION = YES;
				CLANG_WARN_DEPRECATED_OBJC_IMPLEMENTATIONS = YES;
				CLANG_WARN_DIRECT_OBJC_ISA_USAGE = YES_ERROR;
				CLANG_WARN_DOCUMENTATION_COMMENTS = YES;
				CLANG_WARN_EMPTY_BODY = YES;
				CLANG_WARN_ENUM_CONVERSION = YES;
				CLANG_WARN_INFINITE_RECURSION = YES;
				CLANG_WARN_INT_CONVERSION = YES;
				CLANG_WARN_NON_LITERAL_NULL_CONVERSION = YES;
				CLANG_WARN_OBJC_IMPLICIT_RETAIN_SELF = YES;
				CLANG_WARN_OBJC_LITERAL_CONVERSION = YES;
				CLANG_WARN_OBJC_ROOT_CLASS = YES_ERROR;
				CLANG_WARN_QUOTED_INCLUDE_IN_FRAMEWORK_HEADER = YES;
				CLANG_WARN_RANGE_LOOP_ANALYSIS = YES;
				CLANG_WARN_STRICT_PROTOTYPES = YES;
				CLANG_WARN_SUSPICIOUS_MOVE = YES;
				CLANG_WARN_UNGUARDED_AVAILABILITY = YES_AGGRESSIVE;
				CLANG_WARN_UNREACHABLE_CODE = YES;
				CLANG_WARN__DUPLICATE_METHOD_MATCH = YES;
				COPY_PHASE_STRIP = NO;
				DEBUG_INFORMATION_FORMAT = dwarf;
				ENABLE_STRICT_OBJC_MSGSEND = YES;
				ENABLE_TESTABILITY = YES;
				GCC_C_LANGUAGE_STANDARD = gnu11;
				GCC_DYNAMIC_NO_PIC = NO;
				GCC_NO_COMMON_BLOCKS = YES;
				GCC_OPTIMIZATION_LEVEL = 0;
				GCC_PREPROCESSOR_DEFINITIONS = (
					"DEBUG=1",
					"$(inherited)",
				);
				GCC_WARN_64_TO_32_BIT_CONVERSION = YES;
				GCC_WARN_ABOUT_RETURN_TYPE = YES_ERROR;
				GCC_WARN_UNDECLARED_SELECTOR = YES;
				GCC_WARN_UNINITIALIZED_AUTOS = YES_AGGRESSIVE;
				GCC_WARN_UNUSED_FUNCTION = YES;
				GCC_WARN_UNUSED_VARIABLE = YES;
				IPHONEOS_DEPLOYMENT_TARGET = 15.0;
				MTL_ENABLE_DEBUG_INFO = INCLUDE_SOURCE;
				MTL_FAST_MATH = YES;
				ONLY_ACTIVE_ARCH = YES;
				SDKROOT = iphoneos;
				SWIFT_ACTIVE_COMPILATION_CONDITIONS = DEBUG;
				SWIFT_OPTIMIZATION_LEVEL = "-Onone";
			};
			name = Debug;
		};
		7207623A27970EA5000E56AF /* Release */ = {
			isa = XCBuildConfiguration;
			buildSettings = {
				ALWAYS_SEARCH_USER_PATHS = NO;
				CLANG_ANALYZER_NONNULL = YES;
				CLANG_ANALYZER_NUMBER_OBJECT_CONVERSION = YES_AGGRESSIVE;
				CLANG_CXX_LANGUAGE_STANDARD = "gnu++17";
				CLANG_CXX_LIBRARY = "libc++";
				CLANG_ENABLE_MODULES = YES;
				CLANG_ENABLE_OBJC_ARC = YES;
				CLANG_ENABLE_OBJC_WEAK = YES;
				CLANG_WARN_BLOCK_CAPTURE_AUTORELEASING = YES;
				CLANG_WARN_BOOL_CONVERSION = YES;
				CLANG_WARN_COMMA = YES;
				CLANG_WARN_CONSTANT_CONVERSION = YES;
				CLANG_WARN_DEPRECATED_OBJC_IMPLEMENTATIONS = YES;
				CLANG_WARN_DIRECT_OBJC_ISA_USAGE = YES_ERROR;
				CLANG_WARN_DOCUMENTATION_COMMENTS = YES;
				CLANG_WARN_EMPTY_BODY = YES;
				CLANG_WARN_ENUM_CONVERSION = YES;
				CLANG_WARN_INFINITE_RECURSION = YES;
				CLANG_WARN_INT_CONVERSION = YES;
				CLANG_WARN_NON_LITERAL_NULL_CONVERSION = YES;
				CLANG_WARN_OBJC_IMPLICIT_RETAIN_SELF = YES;
				CLANG_WARN_OBJC_LITERAL_CONVERSION = YES;
				CLANG_WARN_OBJC_ROOT_CLASS = YES_ERROR;
				CLANG_WARN_QUOTED_INCLUDE_IN_FRAMEWORK_HEADER = YES;
				CLANG_WARN_RANGE_LOOP_ANALYSIS = YES;
				CLANG_WARN_STRICT_PROTOTYPES = YES;
				CLANG_WARN_SUSPICIOUS_MOVE = YES;
				CLANG_WARN_UNGUARDED_AVAILABILITY = YES_AGGRESSIVE;
				CLANG_WARN_UNREACHABLE_CODE = YES;
				CLANG_WARN__DUPLICATE_METHOD_MATCH = YES;
				COPY_PHASE_STRIP = NO;
				DEBUG_INFORMATION_FORMAT = "dwarf-with-dsym";
				ENABLE_NS_ASSERTIONS = NO;
				ENABLE_STRICT_OBJC_MSGSEND = YES;
				GCC_C_LANGUAGE_STANDARD = gnu11;
				GCC_NO_COMMON_BLOCKS = YES;
				GCC_WARN_64_TO_32_BIT_CONVERSION = YES;
				GCC_WARN_ABOUT_RETURN_TYPE = YES_ERROR;
				GCC_WARN_UNDECLARED_SELECTOR = YES;
				GCC_WARN_UNINITIALIZED_AUTOS = YES_AGGRESSIVE;
				GCC_WARN_UNUSED_FUNCTION = YES;
				GCC_WARN_UNUSED_VARIABLE = YES;
				IPHONEOS_DEPLOYMENT_TARGET = 15.0;
				MTL_ENABLE_DEBUG_INFO = NO;
				MTL_FAST_MATH = YES;
				SDKROOT = iphoneos;
				SWIFT_COMPILATION_MODE = wholemodule;
				SWIFT_OPTIMIZATION_LEVEL = "-O";
				VALIDATE_PRODUCT = YES;
			};
			name = Release;
		};
		7207623C27970EA5000E56AF /* Debug */ = {
			isa = XCBuildConfiguration;
			baseConfigurationReference = BDF4EE869F45A2799D514991 /* Pods-Smash-Bros-Ultimate-Koombea.debug.xcconfig */;
			buildSettings = {
				ASSETCATALOG_COMPILER_APPICON_NAME = AppIcon;
				ASSETCATALOG_COMPILER_GLOBAL_ACCENT_COLOR_NAME = AccentColor;
				CODE_SIGN_STYLE = Automatic;
				CURRENT_PROJECT_VERSION = 1;
				DEVELOPMENT_TEAM = J76GLL854P;
				GENERATE_INFOPLIST_FILE = YES;
				INFOPLIST_FILE = "Smash-Bros-Ultimate-Koombea/Info.plist";
				INFOPLIST_KEY_UIApplicationSupportsIndirectInputEvents = YES;
				INFOPLIST_KEY_UILaunchStoryboardName = LaunchScreen;
				INFOPLIST_KEY_UIMainStoryboardFile = Home;
				INFOPLIST_KEY_UISupportedInterfaceOrientations_iPad = "UIInterfaceOrientationPortrait UIInterfaceOrientationPortraitUpsideDown UIInterfaceOrientationLandscapeLeft UIInterfaceOrientationLandscapeRight";
				INFOPLIST_KEY_UISupportedInterfaceOrientations_iPhone = "UIInterfaceOrientationPortrait UIInterfaceOrientationLandscapeLeft UIInterfaceOrientationLandscapeRight";
				LD_RUNPATH_SEARCH_PATHS = (
					"$(inherited)",
					"@executable_path/Frameworks",
				);
				MARKETING_VERSION = 1.0;
				PRODUCT_BUNDLE_IDENTIFIER = "josephCalla.com.Smash-Bros-Ultimate-Koombea";
				PRODUCT_NAME = "$(TARGET_NAME)";
				SWIFT_EMIT_LOC_STRINGS = YES;
				SWIFT_VERSION = 5.0;
				TARGETED_DEVICE_FAMILY = "1,2";
			};
			name = Debug;
		};
		7207623D27970EA5000E56AF /* Release */ = {
			isa = XCBuildConfiguration;
			baseConfigurationReference = 341E999E692849A954BC57F9 /* Pods-Smash-Bros-Ultimate-Koombea.release.xcconfig */;
			buildSettings = {
				ASSETCATALOG_COMPILER_APPICON_NAME = AppIcon;
				ASSETCATALOG_COMPILER_GLOBAL_ACCENT_COLOR_NAME = AccentColor;
				CODE_SIGN_STYLE = Automatic;
				CURRENT_PROJECT_VERSION = 1;
				DEVELOPMENT_TEAM = J76GLL854P;
				GENERATE_INFOPLIST_FILE = YES;
				INFOPLIST_FILE = "Smash-Bros-Ultimate-Koombea/Info.plist";
				INFOPLIST_KEY_UIApplicationSupportsIndirectInputEvents = YES;
				INFOPLIST_KEY_UILaunchStoryboardName = LaunchScreen;
				INFOPLIST_KEY_UIMainStoryboardFile = Home;
				INFOPLIST_KEY_UISupportedInterfaceOrientations_iPad = "UIInterfaceOrientationPortrait UIInterfaceOrientationPortraitUpsideDown UIInterfaceOrientationLandscapeLeft UIInterfaceOrientationLandscapeRight";
				INFOPLIST_KEY_UISupportedInterfaceOrientations_iPhone = "UIInterfaceOrientationPortrait UIInterfaceOrientationLandscapeLeft UIInterfaceOrientationLandscapeRight";
				LD_RUNPATH_SEARCH_PATHS = (
					"$(inherited)",
					"@executable_path/Frameworks",
				);
				MARKETING_VERSION = 1.0;
				PRODUCT_BUNDLE_IDENTIFIER = "josephCalla.com.Smash-Bros-Ultimate-Koombea";
				PRODUCT_NAME = "$(TARGET_NAME)";
				SWIFT_EMIT_LOC_STRINGS = YES;
				SWIFT_VERSION = 5.0;
				TARGETED_DEVICE_FAMILY = "1,2";
			};
			name = Release;
		};
		7207623F27970EA5000E56AF /* Debug */ = {
			isa = XCBuildConfiguration;
			baseConfigurationReference = B5F7D8D896FC2D1BC04037AC /* Pods-Smash-Bros-Ultimate-KoombeaTests.debug.xcconfig */;
			buildSettings = {
				ALWAYS_EMBED_SWIFT_STANDARD_LIBRARIES = YES;
				BUNDLE_LOADER = "$(TEST_HOST)";
				CODE_SIGN_STYLE = Automatic;
				CURRENT_PROJECT_VERSION = 1;
				DEVELOPMENT_TEAM = J76GLL854P;
				GENERATE_INFOPLIST_FILE = YES;
				IPHONEOS_DEPLOYMENT_TARGET = 15.0;
				LD_RUNPATH_SEARCH_PATHS = (
					"$(inherited)",
					"@executable_path/Frameworks",
					"@loader_path/Frameworks",
				);
				MARKETING_VERSION = 1.0;
				PRODUCT_BUNDLE_IDENTIFIER = "josephCalla.com.Smash-Bros-Ultimate-KoombeaTests";
				PRODUCT_NAME = "$(TARGET_NAME)";
				SWIFT_EMIT_LOC_STRINGS = NO;
				SWIFT_VERSION = 5.0;
				TARGETED_DEVICE_FAMILY = "1,2";
				TEST_HOST = "$(BUILT_PRODUCTS_DIR)/Smash-Bros-Ultimate-Koombea.app/Smash-Bros-Ultimate-Koombea";
			};
			name = Debug;
		};
		7207624027970EA5000E56AF /* Release */ = {
			isa = XCBuildConfiguration;
			baseConfigurationReference = 7880EC95C12C10628E3B23C9 /* Pods-Smash-Bros-Ultimate-KoombeaTests.release.xcconfig */;
			buildSettings = {
				ALWAYS_EMBED_SWIFT_STANDARD_LIBRARIES = YES;
				BUNDLE_LOADER = "$(TEST_HOST)";
				CODE_SIGN_STYLE = Automatic;
				CURRENT_PROJECT_VERSION = 1;
				DEVELOPMENT_TEAM = J76GLL854P;
				GENERATE_INFOPLIST_FILE = YES;
				IPHONEOS_DEPLOYMENT_TARGET = 15.0;
				LD_RUNPATH_SEARCH_PATHS = (
					"$(inherited)",
					"@executable_path/Frameworks",
					"@loader_path/Frameworks",
				);
				MARKETING_VERSION = 1.0;
				PRODUCT_BUNDLE_IDENTIFIER = "josephCalla.com.Smash-Bros-Ultimate-KoombeaTests";
				PRODUCT_NAME = "$(TARGET_NAME)";
				SWIFT_EMIT_LOC_STRINGS = NO;
				SWIFT_VERSION = 5.0;
				TARGETED_DEVICE_FAMILY = "1,2";
				TEST_HOST = "$(BUILT_PRODUCTS_DIR)/Smash-Bros-Ultimate-Koombea.app/Smash-Bros-Ultimate-Koombea";
			};
			name = Release;
		};
		7207624227970EA5000E56AF /* Debug */ = {
			isa = XCBuildConfiguration;
			baseConfigurationReference = 124049AA3CA1DC1F8BD0BBDB /* Pods-Smash-Bros-Ultimate-Koombea-Smash-Bros-Ultimate-KoombeaUITests.debug.xcconfig */;
			buildSettings = {
				ALWAYS_EMBED_SWIFT_STANDARD_LIBRARIES = YES;
				CODE_SIGN_STYLE = Automatic;
				CURRENT_PROJECT_VERSION = 1;
				DEVELOPMENT_TEAM = J76GLL854P;
				GENERATE_INFOPLIST_FILE = YES;
				LD_RUNPATH_SEARCH_PATHS = (
					"$(inherited)",
					"@executable_path/Frameworks",
					"@loader_path/Frameworks",
				);
				MARKETING_VERSION = 1.0;
				PRODUCT_BUNDLE_IDENTIFIER = "josephCalla.com.Smash-Bros-Ultimate-KoombeaUITests";
				PRODUCT_NAME = "$(TARGET_NAME)";
				SWIFT_EMIT_LOC_STRINGS = NO;
				SWIFT_VERSION = 5.0;
				TARGETED_DEVICE_FAMILY = "1,2";
				TEST_TARGET_NAME = "Smash-Bros-Ultimate-Koombea";
			};
			name = Debug;
		};
		7207624327970EA5000E56AF /* Release */ = {
			isa = XCBuildConfiguration;
			baseConfigurationReference = C475120CA6CF38E09EB33602 /* Pods-Smash-Bros-Ultimate-Koombea-Smash-Bros-Ultimate-KoombeaUITests.release.xcconfig */;
			buildSettings = {
				ALWAYS_EMBED_SWIFT_STANDARD_LIBRARIES = YES;
				CODE_SIGN_STYLE = Automatic;
				CURRENT_PROJECT_VERSION = 1;
				DEVELOPMENT_TEAM = J76GLL854P;
				GENERATE_INFOPLIST_FILE = YES;
				LD_RUNPATH_SEARCH_PATHS = (
					"$(inherited)",
					"@executable_path/Frameworks",
					"@loader_path/Frameworks",
				);
				MARKETING_VERSION = 1.0;
				PRODUCT_BUNDLE_IDENTIFIER = "josephCalla.com.Smash-Bros-Ultimate-KoombeaUITests";
				PRODUCT_NAME = "$(TARGET_NAME)";
				SWIFT_EMIT_LOC_STRINGS = NO;
				SWIFT_VERSION = 5.0;
				TARGETED_DEVICE_FAMILY = "1,2";
				TEST_TARGET_NAME = "Smash-Bros-Ultimate-Koombea";
			};
			name = Release;
		};
/* End XCBuildConfiguration section */

/* Begin XCConfigurationList section */
		7207620927970EA4000E56AF /* Build configuration list for PBXProject "Smash-Bros-Ultimate-Koombea" */ = {
			isa = XCConfigurationList;
			buildConfigurations = (
				7207623927970EA5000E56AF /* Debug */,
				7207623A27970EA5000E56AF /* Release */,
			);
			defaultConfigurationIsVisible = 0;
			defaultConfigurationName = Release;
		};
		7207623B27970EA5000E56AF /* Build configuration list for PBXNativeTarget "Smash-Bros-Ultimate-Koombea" */ = {
			isa = XCConfigurationList;
			buildConfigurations = (
				7207623C27970EA5000E56AF /* Debug */,
				7207623D27970EA5000E56AF /* Release */,
			);
			defaultConfigurationIsVisible = 0;
			defaultConfigurationName = Release;
		};
		7207623E27970EA5000E56AF /* Build configuration list for PBXNativeTarget "Smash-Bros-Ultimate-KoombeaTests" */ = {
			isa = XCConfigurationList;
			buildConfigurations = (
				7207623F27970EA5000E56AF /* Debug */,
				7207624027970EA5000E56AF /* Release */,
			);
			defaultConfigurationIsVisible = 0;
			defaultConfigurationName = Release;
		};
		7207624127970EA5000E56AF /* Build configuration list for PBXNativeTarget "Smash-Bros-Ultimate-KoombeaUITests" */ = {
			isa = XCConfigurationList;
			buildConfigurations = (
				7207624227970EA5000E56AF /* Debug */,
				7207624327970EA5000E56AF /* Release */,
			);
			defaultConfigurationIsVisible = 0;
			defaultConfigurationName = Release;
		};
/* End XCConfigurationList section */

/* Begin XCVersionGroup section */
		7207621A27970EA4000E56AF /* Smash_Bros_Ultimate_Koombea.xcdatamodeld */ = {
			isa = XCVersionGroup;
			children = (
				7207621B27970EA4000E56AF /* Smash_Bros_Ultimate_Koombea.xcdatamodel */,
			);
			currentVersion = 7207621B27970EA4000E56AF /* Smash_Bros_Ultimate_Koombea.xcdatamodel */;
			path = Smash_Bros_Ultimate_Koombea.xcdatamodeld;
			sourceTree = "<group>";
			versionGroupType = wrapper.xcdatamodel;
		};
/* End XCVersionGroup section */
	};
	rootObject = 7207620627970EA4000E56AF /* Project object */;
}
