// !$*UTF8*$!
{
	archiveVersion = 1;
	classes = {
	};
	objectVersion = 55;
	objects = {

/* Begin PBXBuildFile section */
		7207621227970EA4000E56AF /* AppDelegate.swift in Sources */ = {isa = PBXBuildFile; fileRef = 7207621127970EA4000E56AF /* AppDelegate.swift */; };
		7207621427970EA4000E56AF /* SceneDelegate.swift in Sources */ = {isa = PBXBuildFile; fileRef = 7207621327970EA4000E56AF /* SceneDelegate.swift */; };
		7207621C27970EA4000E56AF /* Smash_Bros_Ultimate_Koombea.xcdatamodeld in Sources */ = {isa = PBXBuildFile; fileRef = 7207621A27970EA4000E56AF /* Smash_Bros_Ultimate_Koombea.xcdatamodeld */; };
		7207621E27970EA4000E56AF /* Assets.xcassets in Resources */ = {isa = PBXBuildFile; fileRef = 7207621D27970EA4000E56AF /* Assets.xcassets */; };
		7207622127970EA5000E56AF /* LaunchScreen.storyboard in Resources */ = {isa = PBXBuildFile; fileRef = 7207621F27970EA5000E56AF /* LaunchScreen.storyboard */; };
		7207622C27970EA5000E56AF /* Smash_Bros_Ultimate_KoombeaTests.swift in Sources */ = {isa = PBXBuildFile; fileRef = 7207622B27970EA5000E56AF /* Smash_Bros_Ultimate_KoombeaTests.swift */; };
		7207623627970EA5000E56AF /* Smash_Bros_Ultimate_KoombeaUITests.swift in Sources */ = {isa = PBXBuildFile; fileRef = 7207623527970EA5000E56AF /* Smash_Bros_Ultimate_KoombeaUITests.swift */; };
		7207623827970EA5000E56AF /* Smash_Bros_Ultimate_KoombeaUITestsLaunchTests.swift in Sources */ = {isa = PBXBuildFile; fileRef = 7207623727970EA5000E56AF /* Smash_Bros_Ultimate_KoombeaUITestsLaunchTests.swift */; };
		720762482797167A000E56AF /* OnboardingView.swift in Sources */ = {isa = PBXBuildFile; fileRef = 720762442797167A000E56AF /* OnboardingView.swift */; };
		720762492797167A000E56AF /* OnboardingViewModel.swift in Sources */ = {isa = PBXBuildFile; fileRef = 720762452797167A000E56AF /* OnboardingViewModel.swift */; };
		7207624A2797167A000E56AF /* Onboarding.swift in Sources */ = {isa = PBXBuildFile; fileRef = 720762462797167A000E56AF /* Onboarding.swift */; };
		7207624B2797167A000E56AF /* OnboardingUI.swift in Sources */ = {isa = PBXBuildFile; fileRef = 720762472797167A000E56AF /* OnboardingUI.swift */; };
		7207626027971949000E56AF /* DetailFighterView.swift in Sources */ = {isa = PBXBuildFile; fileRef = 7207625C27971949000E56AF /* DetailFighterView.swift */; };
		7207626127971949000E56AF /* DetailFighterViewModel.swift in Sources */ = {isa = PBXBuildFile; fileRef = 7207625D27971949000E56AF /* DetailFighterViewModel.swift */; };
		7207626227971949000E56AF /* DetailFighter.swift in Sources */ = {isa = PBXBuildFile; fileRef = 7207625E27971949000E56AF /* DetailFighter.swift */; };
		7207626327971949000E56AF /* DetailFighterUI.swift in Sources */ = {isa = PBXBuildFile; fileRef = 7207625F27971949000E56AF /* DetailFighterUI.swift */; };
		7207626B27971995000E56AF /* HomeView.swift in Sources */ = {isa = PBXBuildFile; fileRef = 7207626727971995000E56AF /* HomeView.swift */; };
		7207626C27971995000E56AF /* HomeViewModel.swift in Sources */ = {isa = PBXBuildFile; fileRef = 7207626827971995000E56AF /* HomeViewModel.swift */; };
		7207626D27971995000E56AF /* Home.swift in Sources */ = {isa = PBXBuildFile; fileRef = 7207626927971995000E56AF /* Home.swift */; };
		7207626E27971995000E56AF /* HomeUI.swift in Sources */ = {isa = PBXBuildFile; fileRef = 7207626A27971995000E56AF /* HomeUI.swift */; };
		72076271279719FF000E56AF /* Home.storyboard in Resources */ = {isa = PBXBuildFile; fileRef = 72076270279719FF000E56AF /* Home.storyboard */; };
/* End PBXBuildFile section */

/* Begin PBXContainerItemProxy section */
		7207622827970EA5000E56AF /* PBXContainerItemProxy */ = {
			isa = PBXContainerItemProxy;
			containerPortal = 7207620627970EA4000E56AF /* Project object */;
			proxyType = 1;
			remoteGlobalIDString = 7207620D27970EA4000E56AF;
			remoteInfo = "Smash-Bros-Ultimate-Koombea";
		};
		7207623227970EA5000E56AF /* PBXContainerItemProxy */ = {
			isa = PBXContainerItemProxy;
			containerPortal = 7207620627970EA4000E56AF /* Project object */;
			proxyType = 1;
			remoteGlobalIDString = 7207620D27970EA4000E56AF;
			remoteInfo = "Smash-Bros-Ultimate-Koombea";
		};
/* End PBXContainerItemProxy section */

/* Begin PBXFileReference section */
		7207620E27970EA4000E56AF /* Smash-Bros-Ultimate-Koombea.app */ = {isa = PBXFileReference; explicitFileType = wrapper.application; includeInIndex = 0; path = "Smash-Bros-Ultimate-Koombea.app"; sourceTree = BUILT_PRODUCTS_DIR; };
		7207621127970EA4000E56AF /* AppDelegate.swift */ = {isa = PBXFileReference; lastKnownFileType = sourcecode.swift; path = AppDelegate.swift; sourceTree = "<group>"; };
		7207621327970EA4000E56AF /* SceneDelegate.swift */ = {isa = PBXFileReference; lastKnownFileType = sourcecode.swift; path = SceneDelegate.swift; sourceTree = "<group>"; };
		7207621B27970EA4000E56AF /* Smash_Bros_Ultimate_Koombea.xcdatamodel */ = {isa = PBXFileReference; lastKnownFileType = wrapper.xcdatamodel; path = Smash_Bros_Ultimate_Koombea.xcdatamodel; sourceTree = "<group>"; };
		7207621D27970EA4000E56AF /* Assets.xcassets */ = {isa = PBXFileReference; lastKnownFileType = folder.assetcatalog; path = Assets.xcassets; sourceTree = "<group>"; };
		7207622027970EA5000E56AF /* Base */ = {isa = PBXFileReference; lastKnownFileType = file.storyboard; name = Base; path = Base.lproj/LaunchScreen.storyboard; sourceTree = "<group>"; };
		7207622227970EA5000E56AF /* Info.plist */ = {isa = PBXFileReference; lastKnownFileType = text.plist.xml; path = Info.plist; sourceTree = "<group>"; };
		7207622727970EA5000E56AF /* Smash-Bros-Ultimate-KoombeaTests.xctest */ = {isa = PBXFileReference; explicitFileType = wrapper.cfbundle; includeInIndex = 0; path = "Smash-Bros-Ultimate-KoombeaTests.xctest"; sourceTree = BUILT_PRODUCTS_DIR; };
		7207622B27970EA5000E56AF /* Smash_Bros_Ultimate_KoombeaTests.swift */ = {isa = PBXFileReference; lastKnownFileType = sourcecode.swift; path = Smash_Bros_Ultimate_KoombeaTests.swift; sourceTree = "<group>"; };
		7207623127970EA5000E56AF /* Smash-Bros-Ultimate-KoombeaUITests.xctest */ = {isa = PBXFileReference; explicitFileType = wrapper.cfbundle; includeInIndex = 0; path = "Smash-Bros-Ultimate-KoombeaUITests.xctest"; sourceTree = BUILT_PRODUCTS_DIR; };
		7207623527970EA5000E56AF /* Smash_Bros_Ultimate_KoombeaUITests.swift */ = {isa = PBXFileReference; lastKnownFileType = sourcecode.swift; path = Smash_Bros_Ultimate_KoombeaUITests.swift; sourceTree = "<group>"; };
		7207623727970EA5000E56AF /* Smash_Bros_Ultimate_KoombeaUITestsLaunchTests.swift */ = {isa = PBXFileReference; lastKnownFileType = sourcecode.swift; path = Smash_Bros_Ultimate_KoombeaUITestsLaunchTests.swift; sourceTree = "<group>"; };
		720762442797167A000E56AF /* OnboardingView.swift */ = {isa = PBXFileReference; lastKnownFileType = sourcecode.swift; path = OnboardingView.swift; sourceTree = "<group>"; };
		720762452797167A000E56AF /* OnboardingViewModel.swift */ = {isa = PBXFileReference; lastKnownFileType = sourcecode.swift; path = OnboardingViewModel.swift; sourceTree = "<group>"; };
		720762462797167A000E56AF /* Onboarding.swift */ = {isa = PBXFileReference; lastKnownFileType = sourcecode.swift; path = Onboarding.swift; sourceTree = "<group>"; };
		720762472797167A000E56AF /* OnboardingUI.swift */ = {isa = PBXFileReference; lastKnownFileType = sourcecode.swift; path = OnboardingUI.swift; sourceTree = "<group>"; };
		7207625C27971949000E56AF /* DetailFighterView.swift */ = {isa = PBXFileReference; lastKnownFileType = sourcecode.swift; path = DetailFighterView.swift; sourceTree = "<group>"; };
		7207625D27971949000E56AF /* DetailFighterViewModel.swift */ = {isa = PBXFileReference; lastKnownFileType = sourcecode.swift; path = DetailFighterViewModel.swift; sourceTree = "<group>"; };
		7207625E27971949000E56AF /* DetailFighter.swift */ = {isa = PBXFileReference; lastKnownFileType = sourcecode.swift; path = DetailFighter.swift; sourceTree = "<group>"; };
		7207625F27971949000E56AF /* DetailFighterUI.swift */ = {isa = PBXFileReference; lastKnownFileType = sourcecode.swift; path = DetailFighterUI.swift; sourceTree = "<group>"; };
		7207626727971995000E56AF /* HomeView.swift */ = {isa = PBXFileReference; lastKnownFileType = sourcecode.swift; path = HomeView.swift; sourceTree = "<group>"; };
		7207626827971995000E56AF /* HomeViewModel.swift */ = {isa = PBXFileReference; lastKnownFileType = sourcecode.swift; path = HomeViewModel.swift; sourceTree = "<group>"; };
		7207626927971995000E56AF /* Home.swift */ = {isa = PBXFileReference; lastKnownFileType = sourcecode.swift; path = Home.swift; sourceTree = "<group>"; };
		7207626A27971995000E56AF /* HomeUI.swift */ = {isa = PBXFileReference; lastKnownFileType = sourcecode.swift; path = HomeUI.swift; sourceTree = "<group>"; };
		72076270279719FF000E56AF /* Home.storyboard */ = {isa = PBXFileReference; lastKnownFileType = file.storyboard; path = Home.storyboard; sourceTree = "<group>"; };
/* End PBXFileReference section */

/* Begin PBXFrameworksBuildPhase section */
		7207620B27970EA4000E56AF /* Frameworks */ = {
			isa = PBXFrameworksBuildPhase;
			buildActionMask = 2147483647;
			files = (
			);
			runOnlyForDeploymentPostprocessing = 0;
		};
		7207622427970EA5000E56AF /* Frameworks */ = {
			isa = PBXFrameworksBuildPhase;
			buildActionMask = 2147483647;
			files = (
			);
			runOnlyForDeploymentPostprocessing = 0;
		};
		7207622E27970EA5000E56AF /* Frameworks */ = {
			isa = PBXFrameworksBuildPhase;
			buildActionMask = 2147483647;
			files = (
			);
			runOnlyForDeploymentPostprocessing = 0;
		};
/* End PBXFrameworksBuildPhase section */

/* Begin PBXGroup section */
		7207620527970EA4000E56AF = {
			isa = PBXGroup;
			children = (
				7207621027970EA4000E56AF /* Smash-Bros-Ultimate-Koombea */,
				7207622A27970EA5000E56AF /* Smash-Bros-Ultimate-KoombeaTests */,
				7207623427970EA5000E56AF /* Smash-Bros-Ultimate-KoombeaUITests */,
				7207620F27970EA4000E56AF /* Products */,
			);
			sourceTree = "<group>";
		};
		7207620F27970EA4000E56AF /* Products */ = {
			isa = PBXGroup;
			children = (
				7207620E27970EA4000E56AF /* Smash-Bros-Ultimate-Koombea.app */,
				7207622727970EA5000E56AF /* Smash-Bros-Ultimate-KoombeaTests.xctest */,
				7207623127970EA5000E56AF /* Smash-Bros-Ultimate-KoombeaUITests.xctest */,
			);
			name = Products;
			sourceTree = "<group>";
		};
		7207621027970EA4000E56AF /* Smash-Bros-Ultimate-Koombea */ = {
			isa = PBXGroup;
			children = (
				7207626527971973000E56AF /* Resource */,
				7207624C279716AD000E56AF /* Onboarding */,
				720762662797198B000E56AF /* Home */,
				7207626427971955000E56AF /* DetailFighter */,
				7207621F27970EA5000E56AF /* LaunchScreen.storyboard */,
				7207622227970EA5000E56AF /* Info.plist */,
				7207621A27970EA4000E56AF /* Smash_Bros_Ultimate_Koombea.xcdatamodeld */,
			);
			path = "Smash-Bros-Ultimate-Koombea";
			sourceTree = "<group>";
		};
		7207622A27970EA5000E56AF /* Smash-Bros-Ultimate-KoombeaTests */ = {
			isa = PBXGroup;
			children = (
				7207622B27970EA5000E56AF /* Smash_Bros_Ultimate_KoombeaTests.swift */,
			);
			path = "Smash-Bros-Ultimate-KoombeaTests";
			sourceTree = "<group>";
		};
		7207623427970EA5000E56AF /* Smash-Bros-Ultimate-KoombeaUITests */ = {
			isa = PBXGroup;
			children = (
				7207623527970EA5000E56AF /* Smash_Bros_Ultimate_KoombeaUITests.swift */,
				7207623727970EA5000E56AF /* Smash_Bros_Ultimate_KoombeaUITestsLaunchTests.swift */,
			);
			path = "Smash-Bros-Ultimate-KoombeaUITests";
			sourceTree = "<group>";
		};
		7207624C279716AD000E56AF /* Onboarding */ = {
			isa = PBXGroup;
			children = (
				7207627827971BF1000E56AF /* ViewModel */,
				7207627727971BE7000E56AF /* Model */,
				7207627527971BD0000E56AF /* View */,
			);
			path = Onboarding;
			sourceTree = "<group>";
		};
		7207626427971955000E56AF /* DetailFighter */ = {
			isa = PBXGroup;
			children = (
				7207627B27971EA1000E56AF /* View */,
				7207627A27971E9C000E56AF /* Model */,
				7207627927971E93000E56AF /* ViewModel */,
			);
			path = DetailFighter;
			sourceTree = "<group>";
		};
		7207626527971973000E56AF /* Resource */ = {
			isa = PBXGroup;
			children = (
				7207621D27970EA4000E56AF /* Assets.xcassets */,
				7207621127970EA4000E56AF /* AppDelegate.swift */,
				7207621327970EA4000E56AF /* SceneDelegate.swift */,
			);
			path = Resource;
			sourceTree = "<group>";
		};
		720762662797198B000E56AF /* Home */ = {
			isa = PBXGroup;
			children = (
				7207627427971BB9000E56AF /* ViewModel */,
				7207627327971BB2000E56AF /* View */,
				7207627227971BA2000E56AF /* Model */,
			);
			path = Home;
			sourceTree = "<group>";
		};
		7207627227971BA2000E56AF /* Model */ = {
			isa = PBXGroup;
			children = (
				7207626927971995000E56AF /* Home.swift */,
			);
			path = Model;
			sourceTree = "<group>";
		};
		7207627327971BB2000E56AF /* View */ = {
			isa = PBXGroup;
			children = (
				7207626727971995000E56AF /* HomeView.swift */,
				72076270279719FF000E56AF /* Home.storyboard */,
				7207626A27971995000E56AF /* HomeUI.swift */,
			);
			path = View;
			sourceTree = "<group>";
		};
		7207627427971BB9000E56AF /* ViewModel */ = {
			isa = PBXGroup;
			children = (
				7207626827971995000E56AF /* HomeViewModel.swift */,
			);
			path = ViewModel;
			sourceTree = "<group>";
		};
		7207627527971BD0000E56AF /* View */ = {
			isa = PBXGroup;
			children = (
				720762472797167A000E56AF /* OnboardingUI.swift */,
				720762442797167A000E56AF /* OnboardingView.swift */,
			);
			path = View;
			sourceTree = "<group>";
		};
		7207627727971BE7000E56AF /* Model */ = {
			isa = PBXGroup;
			children = (
				720762462797167A000E56AF /* Onboarding.swift */,
			);
			path = Model;
			sourceTree = "<group>";
		};
		7207627827971BF1000E56AF /* ViewModel */ = {
			isa = PBXGroup;
			children = (
				720762452797167A000E56AF /* OnboardingViewModel.swift */,
			);
			path = ViewModel;
			sourceTree = "<group>";
		};
		7207627927971E93000E56AF /* ViewModel */ = {
			isa = PBXGroup;
			children = (
				7207625D27971949000E56AF /* DetailFighterViewModel.swift */,
			);
			path = ViewModel;
			sourceTree = "<group>";
		};
		7207627A27971E9C000E56AF /* Model */ = {
			isa = PBXGroup;
			children = (
				7207625E27971949000E56AF /* DetailFighter.swift */,
			);
			path = Model;
			sourceTree = "<group>";
		};
		7207627B27971EA1000E56AF /* View */ = {
			isa = PBXGroup;
			children = (
				7207625C27971949000E56AF /* DetailFighterView.swift */,
				7207625F27971949000E56AF /* DetailFighterUI.swift */,
			);
			path = View;
			sourceTree = "<group>";
		};
/* End PBXGroup section */

/* Begin PBXNativeTarget section */
		7207620D27970EA4000E56AF /* Smash-Bros-Ultimate-Koombea */ = {
			isa = PBXNativeTarget;
			buildConfigurationList = 7207623B27970EA5000E56AF /* Build configuration list for PBXNativeTarget "Smash-Bros-Ultimate-Koombea" */;
			buildPhases = (
				7207620A27970EA4000E56AF /* Sources */,
				7207620B27970EA4000E56AF /* Frameworks */,
				7207620C27970EA4000E56AF /* Resources */,
			);
			buildRules = (
			);
			dependencies = (
			);
			name = "Smash-Bros-Ultimate-Koombea";
			productName = "Smash-Bros-Ultimate-Koombea";
			productReference = 7207620E27970EA4000E56AF /* Smash-Bros-Ultimate-Koombea.app */;
			productType = "com.apple.product-type.application";
		};
		7207622627970EA5000E56AF /* Smash-Bros-Ultimate-KoombeaTests */ = {
			isa = PBXNativeTarget;
			buildConfigurationList = 7207623E27970EA5000E56AF /* Build configuration list for PBXNativeTarget "Smash-Bros-Ultimate-KoombeaTests" */;
			buildPhases = (
				7207622327970EA5000E56AF /* Sources */,
				7207622427970EA5000E56AF /* Frameworks */,
				7207622527970EA5000E56AF /* Resources */,
			);
			buildRules = (
			);
			dependencies = (
				7207622927970EA5000E56AF /* PBXTargetDependency */,
			);
			name = "Smash-Bros-Ultimate-KoombeaTests";
			productName = "Smash-Bros-Ultimate-KoombeaTests";
			productReference = 7207622727970EA5000E56AF /* Smash-Bros-Ultimate-KoombeaTests.xctest */;
			productType = "com.apple.product-type.bundle.unit-test";
		};
		7207623027970EA5000E56AF /* Smash-Bros-Ultimate-KoombeaUITests */ = {
			isa = PBXNativeTarget;
			buildConfigurationList = 7207624127970EA5000E56AF /* Build configuration list for PBXNativeTarget "Smash-Bros-Ultimate-KoombeaUITests" */;
			buildPhases = (
				7207622D27970EA5000E56AF /* Sources */,
				7207622E27970EA5000E56AF /* Frameworks */,
				7207622F27970EA5000E56AF /* Resources */,
			);
			buildRules = (
			);
			dependencies = (
				7207623327970EA5000E56AF /* PBXTargetDependency */,
			);
			name = "Smash-Bros-Ultimate-KoombeaUITests";
			productName = "Smash-Bros-Ultimate-KoombeaUITests";
			productReference = 7207623127970EA5000E56AF /* Smash-Bros-Ultimate-KoombeaUITests.xctest */;
			productType = "com.apple.product-type.bundle.ui-testing";
		};
/* End PBXNativeTarget section */

/* Begin PBXProject section */
		7207620627970EA4000E56AF /* Project object */ = {
			isa = PBXProject;
			attributes = {
				BuildIndependentTargetsInParallel = 1;
				LastSwiftUpdateCheck = 1300;
				LastUpgradeCheck = 1300;
				TargetAttributes = {
					7207620D27970EA4000E56AF = {
						CreatedOnToolsVersion = 13.0;
					};
					7207622627970EA5000E56AF = {
						CreatedOnToolsVersion = 13.0;
						TestTargetID = 7207620D27970EA4000E56AF;
					};
					7207623027970EA5000E56AF = {
						CreatedOnToolsVersion = 13.0;
						TestTargetID = 7207620D27970EA4000E56AF;
					};
				};
			};
			buildConfigurationList = 7207620927970EA4000E56AF /* Build configuration list for PBXProject "Smash-Bros-Ultimate-Koombea" */;
			compatibilityVersion = "Xcode 13.0";
			developmentRegion = en;
			hasScannedForEncodings = 0;
			knownRegions = (
				en,
				Base,
			);
			mainGroup = 7207620527970EA4000E56AF;
			productRefGroup = 7207620F27970EA4000E56AF /* Products */;
			projectDirPath = "";
			projectRoot = "";
			targets = (
				7207620D27970EA4000E56AF /* Smash-Bros-Ultimate-Koombea */,
				7207622627970EA5000E56AF /* Smash-Bros-Ultimate-KoombeaTests */,
				7207623027970EA5000E56AF /* Smash-Bros-Ultimate-KoombeaUITests */,
			);
		};
/* End PBXProject section */

/* Begin PBXResourcesBuildPhase section */
		7207620C27970EA4000E56AF /* Resources */ = {
			isa = PBXResourcesBuildPhase;
			buildActionMask = 2147483647;
			files = (
				72076271279719FF000E56AF /* Home.storyboard in Resources */,
				7207622127970EA5000E56AF /* LaunchScreen.storyboard in Resources */,
				7207621E27970EA4000E56AF /* Assets.xcassets in Resources */,
			);
			runOnlyForDeploymentPostprocessing = 0;
		};
		7207622527970EA5000E56AF /* Resources */ = {
			isa = PBXResourcesBuildPhase;
			buildActionMask = 2147483647;
			files = (
			);
			runOnlyForDeploymentPostprocessing = 0;
		};
		7207622F27970EA5000E56AF /* Resources */ = {
			isa = PBXResourcesBuildPhase;
			buildActionMask = 2147483647;
			files = (
			);
			runOnlyForDeploymentPostprocessing = 0;
		};
/* End PBXResourcesBuildPhase section */

/* Begin PBXSourcesBuildPhase section */
		7207620A27970EA4000E56AF /* Sources */ = {
			isa = PBXSourcesBuildPhase;
			buildActionMask = 2147483647;
			files = (
				720762492797167A000E56AF /* OnboardingViewModel.swift in Sources */,
				7207621227970EA4000E56AF /* AppDelegate.swift in Sources */,
				7207626027971949000E56AF /* DetailFighterView.swift in Sources */,
				7207624A2797167A000E56AF /* Onboarding.swift in Sources */,
				7207621C27970EA4000E56AF /* Smash_Bros_Ultimate_Koombea.xcdatamodeld in Sources */,
				7207626327971949000E56AF /* DetailFighterUI.swift in Sources */,
				7207626E27971995000E56AF /* HomeUI.swift in Sources */,
				7207626D27971995000E56AF /* Home.swift in Sources */,
				720762482797167A000E56AF /* OnboardingView.swift in Sources */,
				7207626127971949000E56AF /* DetailFighterViewModel.swift in Sources */,
				7207626C27971995000E56AF /* HomeViewModel.swift in Sources */,
				7207624B2797167A000E56AF /* OnboardingUI.swift in Sources */,
				7207626B27971995000E56AF /* HomeView.swift in Sources */,
				7207626227971949000E56AF /* DetailFighter.swift in Sources */,
				7207621427970EA4000E56AF /* SceneDelegate.swift in Sources */,
			);
			runOnlyForDeploymentPostprocessing = 0;
		};
		7207622327970EA5000E56AF /* Sources */ = {
			isa = PBXSourcesBuildPhase;
			buildActionMask = 2147483647;
			files = (
				7207622C27970EA5000E56AF /* Smash_Bros_Ultimate_KoombeaTests.swift in Sources */,
			);
			runOnlyForDeploymentPostprocessing = 0;
		};
		7207622D27970EA5000E56AF /* Sources */ = {
			isa = PBXSourcesBuildPhase;
			buildActionMask = 2147483647;
			files = (
				7207623627970EA5000E56AF /* Smash_Bros_Ultimate_KoombeaUITests.swift in Sources */,
				7207623827970EA5000E56AF /* Smash_Bros_Ultimate_KoombeaUITestsLaunchTests.swift in Sources */,
			);
			runOnlyForDeploymentPostprocessing = 0;
		};
/* End PBXSourcesBuildPhase section */

/* Begin PBXTargetDependency section */
		7207622927970EA5000E56AF /* PBXTargetDependency */ = {
			isa = PBXTargetDependency;
			target = 7207620D27970EA4000E56AF /* Smash-Bros-Ultimate-Koombea */;
			targetProxy = 7207622827970EA5000E56AF /* PBXContainerItemProxy */;
		};
		7207623327970EA5000E56AF /* PBXTargetDependency */ = {
			isa = PBXTargetDependency;
			target = 7207620D27970EA4000E56AF /* Smash-Bros-Ultimate-Koombea */;
			targetProxy = 7207623227970EA5000E56AF /* PBXContainerItemProxy */;
		};
/* End PBXTargetDependency section */

/* Begin PBXVariantGroup section */
		7207621F27970EA5000E56AF /* LaunchScreen.storyboard */ = {
			isa = PBXVariantGroup;
			children = (
				7207622027970EA5000E56AF /* Base */,
			);
			name = LaunchScreen.storyboard;
			sourceTree = "<group>";
		};
/* End PBXVariantGroup section */

/* Begin XCBuildConfiguration section */
		7207623927970EA5000E56AF /* Debug */ = {
			isa = XCBuildConfiguration;
			buildSettings = {
				ALWAYS_SEARCH_USER_PATHS = NO;
				CLANG_ANALYZER_NONNULL = YES;
				CLANG_ANALYZER_NUMBER_OBJECT_CONVERSION = YES_AGGRESSIVE;
				CLANG_CXX_LANGUAGE_STANDARD = "gnu++17";
				CLANG_CXX_LIBRARY = "libc++";
				CLANG_ENABLE_MODULES = YES;
				CLANG_ENABLE_OBJC_ARC = YES;
				CLANG_ENABLE_OBJC_WEAK = YES;
				CLANG_WARN_BLOCK_CAPTURE_AUTORELEASING = YES;
				CLANG_WARN_BOOL_CONVERSION = YES;
				CLANG_WARN_COMMA = YES;
				CLANG_WARN_CONSTANT_CONVERSION = YES;
				CLANG_WARN_DEPRECATED_OBJC_IMPLEMENTATIONS = YES;
				CLANG_WARN_DIRECT_OBJC_ISA_USAGE = YES_ERROR;
				CLANG_WARN_DOCUMENTATION_COMMENTS = YES;
				CLANG_WARN_EMPTY_BODY = YES;
				CLANG_WARN_ENUM_CONVERSION = YES;
				CLANG_WARN_INFINITE_RECURSION = YES;
				CLANG_WARN_INT_CONVERSION = YES;
				CLANG_WARN_NON_LITERAL_NULL_CONVERSION = YES;
				CLANG_WARN_OBJC_IMPLICIT_RETAIN_SELF = YES;
				CLANG_WARN_OBJC_LITERAL_CONVERSION = YES;
				CLANG_WARN_OBJC_ROOT_CLASS = YES_ERROR;
				CLANG_WARN_QUOTED_INCLUDE_IN_FRAMEWORK_HEADER = YES;
				CLANG_WARN_RANGE_LOOP_ANALYSIS = YES;
				CLANG_WARN_STRICT_PROTOTYPES = YES;
				CLANG_WARN_SUSPICIOUS_MOVE = YES;
				CLANG_WARN_UNGUARDED_AVAILABILITY = YES_AGGRESSIVE;
				CLANG_WARN_UNREACHABLE_CODE = YES;
				CLANG_WARN__DUPLICATE_METHOD_MATCH = YES;
				COPY_PHASE_STRIP = NO;
				DEBUG_INFORMATION_FORMAT = dwarf;
				ENABLE_STRICT_OBJC_MSGSEND = YES;
				ENABLE_TESTABILITY = YES;
				GCC_C_LANGUAGE_STANDARD = gnu11;
				GCC_DYNAMIC_NO_PIC = NO;
				GCC_NO_COMMON_BLOCKS = YES;
				GCC_OPTIMIZATION_LEVEL = 0;
				GCC_PREPROCESSOR_DEFINITIONS = (
					"DEBUG=1",
					"$(inherited)",
				);
				GCC_WARN_64_TO_32_BIT_CONVERSION = YES;
				GCC_WARN_ABOUT_RETURN_TYPE = YES_ERROR;
				GCC_WARN_UNDECLARED_SELECTOR = YES;
				GCC_WARN_UNINITIALIZED_AUTOS = YES_AGGRESSIVE;
				GCC_WARN_UNUSED_FUNCTION = YES;
				GCC_WARN_UNUSED_VARIABLE = YES;
				IPHONEOS_DEPLOYMENT_TARGET = 15.0;
				MTL_ENABLE_DEBUG_INFO = INCLUDE_SOURCE;
				MTL_FAST_MATH = YES;
				ONLY_ACTIVE_ARCH = YES;
				SDKROOT = iphoneos;
				SWIFT_ACTIVE_COMPILATION_CONDITIONS = DEBUG;
				SWIFT_OPTIMIZATION_LEVEL = "-Onone";
			};
			name = Debug;
		};
		7207623A27970EA5000E56AF /* Release */ = {
			isa = XCBuildConfiguration;
			buildSettings = {
				ALWAYS_SEARCH_USER_PATHS = NO;
				CLANG_ANALYZER_NONNULL = YES;
				CLANG_ANALYZER_NUMBER_OBJECT_CONVERSION = YES_AGGRESSIVE;
				CLANG_CXX_LANGUAGE_STANDARD = "gnu++17";
				CLANG_CXX_LIBRARY = "libc++";
				CLANG_ENABLE_MODULES = YES;
				CLANG_ENABLE_OBJC_ARC = YES;
				CLANG_ENABLE_OBJC_WEAK = YES;
				CLANG_WARN_BLOCK_CAPTURE_AUTORELEASING = YES;
				CLANG_WARN_BOOL_CONVERSION = YES;
				CLANG_WARN_COMMA = YES;
				CLANG_WARN_CONSTANT_CONVERSION = YES;
				CLANG_WARN_DEPRECATED_OBJC_IMPLEMENTATIONS = YES;
				CLANG_WARN_DIRECT_OBJC_ISA_USAGE = YES_ERROR;
				CLANG_WARN_DOCUMENTATION_COMMENTS = YES;
				CLANG_WARN_EMPTY_BODY = YES;
				CLANG_WARN_ENUM_CONVERSION = YES;
				CLANG_WARN_INFINITE_RECURSION = YES;
				CLANG_WARN_INT_CONVERSION = YES;
				CLANG_WARN_NON_LITERAL_NULL_CONVERSION = YES;
				CLANG_WARN_OBJC_IMPLICIT_RETAIN_SELF = YES;
				CLANG_WARN_OBJC_LITERAL_CONVERSION = YES;
				CLANG_WARN_OBJC_ROOT_CLASS = YES_ERROR;
				CLANG_WARN_QUOTED_INCLUDE_IN_FRAMEWORK_HEADER = YES;
				CLANG_WARN_RANGE_LOOP_ANALYSIS = YES;
				CLANG_WARN_STRICT_PROTOTYPES = YES;
				CLANG_WARN_SUSPICIOUS_MOVE = YES;
				CLANG_WARN_UNGUARDED_AVAILABILITY = YES_AGGRESSIVE;
				CLANG_WARN_UNREACHABLE_CODE = YES;
				CLANG_WARN__DUPLICATE_METHOD_MATCH = YES;
				COPY_PHASE_STRIP = NO;
				DEBUG_INFORMATION_FORMAT = "dwarf-with-dsym";
				ENABLE_NS_ASSERTIONS = NO;
				ENABLE_STRICT_OBJC_MSGSEND = YES;
				GCC_C_LANGUAGE_STANDARD = gnu11;
				GCC_NO_COMMON_BLOCKS = YES;
				GCC_WARN_64_TO_32_BIT_CONVERSION = YES;
				GCC_WARN_ABOUT_RETURN_TYPE = YES_ERROR;
				GCC_WARN_UNDECLARED_SELECTOR = YES;
				GCC_WARN_UNINITIALIZED_AUTOS = YES_AGGRESSIVE;
				GCC_WARN_UNUSED_FUNCTION = YES;
				GCC_WARN_UNUSED_VARIABLE = YES;
				IPHONEOS_DEPLOYMENT_TARGET = 15.0;
				MTL_ENABLE_DEBUG_INFO = NO;
				MTL_FAST_MATH = YES;
				SDKROOT = iphoneos;
				SWIFT_COMPILATION_MODE = wholemodule;
				SWIFT_OPTIMIZATION_LEVEL = "-O";
				VALIDATE_PRODUCT = YES;
			};
			name = Release;
		};
		7207623C27970EA5000E56AF /* Debug */ = {
			isa = XCBuildConfiguration;
			buildSettings = {
				ASSETCATALOG_COMPILER_APPICON_NAME = AppIcon;
				ASSETCATALOG_COMPILER_GLOBAL_ACCENT_COLOR_NAME = AccentColor;
				CODE_SIGN_STYLE = Automatic;
				CURRENT_PROJECT_VERSION = 1;
				DEVELOPMENT_TEAM = J76GLL854P;
				GENERATE_INFOPLIST_FILE = YES;
				INFOPLIST_FILE = "Smash-Bros-Ultimate-Koombea/Info.plist";
				INFOPLIST_KEY_UIApplicationSupportsIndirectInputEvents = YES;
				INFOPLIST_KEY_UILaunchStoryboardName = LaunchScreen;
				INFOPLIST_KEY_UIMainStoryboardFile = Home;
				INFOPLIST_KEY_UISupportedInterfaceOrientations_iPad = "UIInterfaceOrientationPortrait UIInterfaceOrientationPortraitUpsideDown UIInterfaceOrientationLandscapeLeft UIInterfaceOrientationLandscapeRight";
				INFOPLIST_KEY_UISupportedInterfaceOrientations_iPhone = "UIInterfaceOrientationPortrait UIInterfaceOrientationLandscapeLeft UIInterfaceOrientationLandscapeRight";
				LD_RUNPATH_SEARCH_PATHS = (
					"$(inherited)",
					"@executable_path/Frameworks",
				);
				MARKETING_VERSION = 1.0;
				PRODUCT_BUNDLE_IDENTIFIER = "josephCalla.com.Smash-Bros-Ultimate-Koombea";
				PRODUCT_NAME = "$(TARGET_NAME)";
				SWIFT_EMIT_LOC_STRINGS = YES;
				SWIFT_VERSION = 5.0;
				TARGETED_DEVICE_FAMILY = "1,2";
			};
			name = Debug;
		};
		7207623D27970EA5000E56AF /* Release */ = {
			isa = XCBuildConfiguration;
			buildSettings = {
				ASSETCATALOG_COMPILER_APPICON_NAME = AppIcon;
				ASSETCATALOG_COMPILER_GLOBAL_ACCENT_COLOR_NAME = AccentColor;
				CODE_SIGN_STYLE = Automatic;
				CURRENT_PROJECT_VERSION = 1;
				DEVELOPMENT_TEAM = J76GLL854P;
				GENERATE_INFOPLIST_FILE = YES;
				INFOPLIST_FILE = "Smash-Bros-Ultimate-Koombea/Info.plist";
				INFOPLIST_KEY_UIApplicationSupportsIndirectInputEvents = YES;
				INFOPLIST_KEY_UILaunchStoryboardName = LaunchScreen;
				INFOPLIST_KEY_UIMainStoryboardFile = Home;
				INFOPLIST_KEY_UISupportedInterfaceOrientations_iPad = "UIInterfaceOrientationPortrait UIInterfaceOrientationPortraitUpsideDown UIInterfaceOrientationLandscapeLeft UIInterfaceOrientationLandscapeRight";
				INFOPLIST_KEY_UISupportedInterfaceOrientations_iPhone = "UIInterfaceOrientationPortrait UIInterfaceOrientationLandscapeLeft UIInterfaceOrientationLandscapeRight";
				LD_RUNPATH_SEARCH_PATHS = (
					"$(inherited)",
					"@executable_path/Frameworks",
				);
				MARKETING_VERSION = 1.0;
				PRODUCT_BUNDLE_IDENTIFIER = "josephCalla.com.Smash-Bros-Ultimate-Koombea";
				PRODUCT_NAME = "$(TARGET_NAME)";
				SWIFT_EMIT_LOC_STRINGS = YES;
				SWIFT_VERSION = 5.0;
				TARGETED_DEVICE_FAMILY = "1,2";
			};
			name = Release;
		};
		7207623F27970EA5000E56AF /* Debug */ = {
			isa = XCBuildConfiguration;
			buildSettings = {
				ALWAYS_EMBED_SWIFT_STANDARD_LIBRARIES = YES;
				BUNDLE_LOADER = "$(TEST_HOST)";
				CODE_SIGN_STYLE = Automatic;
				CURRENT_PROJECT_VERSION = 1;
				DEVELOPMENT_TEAM = J76GLL854P;
				GENERATE_INFOPLIST_FILE = YES;
				IPHONEOS_DEPLOYMENT_TARGET = 15.0;
				LD_RUNPATH_SEARCH_PATHS = (
					"$(inherited)",
					"@executable_path/Frameworks",
					"@loader_path/Frameworks",
				);
				MARKETING_VERSION = 1.0;
				PRODUCT_BUNDLE_IDENTIFIER = "josephCalla.com.Smash-Bros-Ultimate-KoombeaTests";
				PRODUCT_NAME = "$(TARGET_NAME)";
				SWIFT_EMIT_LOC_STRINGS = NO;
				SWIFT_VERSION = 5.0;
				TARGETED_DEVICE_FAMILY = "1,2";
				TEST_HOST = "$(BUILT_PRODUCTS_DIR)/Smash-Bros-Ultimate-Koombea.app/Smash-Bros-Ultimate-Koombea";
			};
			name = Debug;
		};
		7207624027970EA5000E56AF /* Release */ = {
			isa = XCBuildConfiguration;
			buildSettings = {
				ALWAYS_EMBED_SWIFT_STANDARD_LIBRARIES = YES;
				BUNDLE_LOADER = "$(TEST_HOST)";
				CODE_SIGN_STYLE = Automatic;
				CURRENT_PROJECT_VERSION = 1;
				DEVELOPMENT_TEAM = J76GLL854P;
				GENERATE_INFOPLIST_FILE = YES;
				IPHONEOS_DEPLOYMENT_TARGET = 15.0;
				LD_RUNPATH_SEARCH_PATHS = (
					"$(inherited)",
					"@executable_path/Frameworks",
					"@loader_path/Frameworks",
				);
				MARKETING_VERSION = 1.0;
				PRODUCT_BUNDLE_IDENTIFIER = "josephCalla.com.Smash-Bros-Ultimate-KoombeaTests";
				PRODUCT_NAME = "$(TARGET_NAME)";
				SWIFT_EMIT_LOC_STRINGS = NO;
				SWIFT_VERSION = 5.0;
				TARGETED_DEVICE_FAMILY = "1,2";
				TEST_HOST = "$(BUILT_PRODUCTS_DIR)/Smash-Bros-Ultimate-Koombea.app/Smash-Bros-Ultimate-Koombea";
			};
			name = Release;
		};
		7207624227970EA5000E56AF /* Debug */ = {
			isa = XCBuildConfiguration;
			buildSettings = {
				ALWAYS_EMBED_SWIFT_STANDARD_LIBRARIES = YES;
				CODE_SIGN_STYLE = Automatic;
				CURRENT_PROJECT_VERSION = 1;
				DEVELOPMENT_TEAM = J76GLL854P;
				GENERATE_INFOPLIST_FILE = YES;
				LD_RUNPATH_SEARCH_PATHS = (
					"$(inherited)",
					"@executable_path/Frameworks",
					"@loader_path/Frameworks",
				);
				MARKETING_VERSION = 1.0;
				PRODUCT_BUNDLE_IDENTIFIER = "josephCalla.com.Smash-Bros-Ultimate-KoombeaUITests";
				PRODUCT_NAME = "$(TARGET_NAME)";
				SWIFT_EMIT_LOC_STRINGS = NO;
				SWIFT_VERSION = 5.0;
				TARGETED_DEVICE_FAMILY = "1,2";
				TEST_TARGET_NAME = "Smash-Bros-Ultimate-Koombea";
			};
			name = Debug;
		};
		7207624327970EA5000E56AF /* Release */ = {
			isa = XCBuildConfiguration;
			buildSettings = {
				ALWAYS_EMBED_SWIFT_STANDARD_LIBRARIES = YES;
				CODE_SIGN_STYLE = Automatic;
				CURRENT_PROJECT_VERSION = 1;
				DEVELOPMENT_TEAM = J76GLL854P;
				GENERATE_INFOPLIST_FILE = YES;
				LD_RUNPATH_SEARCH_PATHS = (
					"$(inherited)",
					"@executable_path/Frameworks",
					"@loader_path/Frameworks",
				);
				MARKETING_VERSION = 1.0;
				PRODUCT_BUNDLE_IDENTIFIER = "josephCalla.com.Smash-Bros-Ultimate-KoombeaUITests";
				PRODUCT_NAME = "$(TARGET_NAME)";
				SWIFT_EMIT_LOC_STRINGS = NO;
				SWIFT_VERSION = 5.0;
				TARGETED_DEVICE_FAMILY = "1,2";
				TEST_TARGET_NAME = "Smash-Bros-Ultimate-Koombea";
			};
			name = Release;
		};
/* End XCBuildConfiguration section */

/* Begin XCConfigurationList section */
		7207620927970EA4000E56AF /* Build configuration list for PBXProject "Smash-Bros-Ultimate-Koombea" */ = {
			isa = XCConfigurationList;
			buildConfigurations = (
				7207623927970EA5000E56AF /* Debug */,
				7207623A27970EA5000E56AF /* Release */,
			);
			defaultConfigurationIsVisible = 0;
			defaultConfigurationName = Release;
		};
		7207623B27970EA5000E56AF /* Build configuration list for PBXNativeTarget "Smash-Bros-Ultimate-Koombea" */ = {
			isa = XCConfigurationList;
			buildConfigurations = (
				7207623C27970EA5000E56AF /* Debug */,
				7207623D27970EA5000E56AF /* Release */,
			);
			defaultConfigurationIsVisible = 0;
			defaultConfigurationName = Release;
		};
		7207623E27970EA5000E56AF /* Build configuration list for PBXNativeTarget "Smash-Bros-Ultimate-KoombeaTests" */ = {
			isa = XCConfigurationList;
			buildConfigurations = (
				7207623F27970EA5000E56AF /* Debug */,
				7207624027970EA5000E56AF /* Release */,
			);
			defaultConfigurationIsVisible = 0;
			defaultConfigurationName = Release;
		};
		7207624127970EA5000E56AF /* Build configuration list for PBXNativeTarget "Smash-Bros-Ultimate-KoombeaUITests" */ = {
			isa = XCConfigurationList;
			buildConfigurations = (
				7207624227970EA5000E56AF /* Debug */,
				7207624327970EA5000E56AF /* Release */,
			);
			defaultConfigurationIsVisible = 0;
			defaultConfigurationName = Release;
		};
/* End XCConfigurationList section */

/* Begin XCVersionGroup section */
		7207621A27970EA4000E56AF /* Smash_Bros_Ultimate_Koombea.xcdatamodeld */ = {
			isa = XCVersionGroup;
			children = (
				7207621B27970EA4000E56AF /* Smash_Bros_Ultimate_Koombea.xcdatamodel */,
			);
			currentVersion = 7207621B27970EA4000E56AF /* Smash_Bros_Ultimate_Koombea.xcdatamodel */;
			path = Smash_Bros_Ultimate_Koombea.xcdatamodeld;
			sourceTree = "<group>";
			versionGroupType = wrapper.xcdatamodel;
		};
/* End XCVersionGroup section */
	};
	rootObject = 7207620627970EA4000E56AF /* Project object */;
}
